// !$*UTF8*$!
{
	archiveVersion = 1;
	classes = {
	};
	objectVersion = 50;
	objects = {

/* Begin PBXBuildFile section */
		B91726F8241D006900E66798 /* AppDelegate.m in Sources */ = {isa = PBXBuildFile; fileRef = B91726F7241D006900E66798 /* AppDelegate.m */; };
		B91726FB241D006900E66798 /* SceneDelegate.m in Sources */ = {isa = PBXBuildFile; fileRef = B91726FA241D006900E66798 /* SceneDelegate.m */; };
		B91726FE241D006900E66798 /* ViewController.m in Sources */ = {isa = PBXBuildFile; fileRef = B91726FD241D006900E66798 /* ViewController.m */; };
		B9172701241D006900E66798 /* Main.storyboard in Resources */ = {isa = PBXBuildFile; fileRef = B91726FF241D006900E66798 /* Main.storyboard */; };
		B9172703241D006A00E66798 /* Assets.xcassets in Resources */ = {isa = PBXBuildFile; fileRef = B9172702241D006A00E66798 /* Assets.xcassets */; };
		B9172706241D006A00E66798 /* LaunchScreen.storyboard in Resources */ = {isa = PBXBuildFile; fileRef = B9172704241D006A00E66798 /* LaunchScreen.storyboard */; };
		B9172709241D006A00E66798 /* main.m in Sources */ = {isa = PBXBuildFile; fileRef = B9172708241D006A00E66798 /* main.m */; };
/* End PBXBuildFile section */

/* Begin PBXFileReference section */
		B91726F3241D006900E66798 /* CustomNavigationBarSlideAndFade.app */ = {isa = PBXFileReference; explicitFileType = wrapper.application; includeInIndex = 0; path = CustomNavigationBarSlideAndFade.app; sourceTree = BUILT_PRODUCTS_DIR; };
		B91726F6241D006900E66798 /* AppDelegate.h */ = {isa = PBXFileReference; lastKnownFileType = sourcecode.c.h; path = AppDelegate.h; sourceTree = "<group>"; };
		B91726F7241D006900E66798 /* AppDelegate.m */ = {isa = PBXFileReference; lastKnownFileType = sourcecode.c.objc; path = AppDelegate.m; sourceTree = "<group>"; };
		B91726F9241D006900E66798 /* SceneDelegate.h */ = {isa = PBXFileReference; lastKnownFileType = sourcecode.c.h; path = SceneDelegate.h; sourceTree = "<group>"; };
		B91726FA241D006900E66798 /* SceneDelegate.m */ = {isa = PBXFileReference; lastKnownFileType = sourcecode.c.objc; path = SceneDelegate.m; sourceTree = "<group>"; };
		B91726FC241D006900E66798 /* ViewController.h */ = {isa = PBXFileReference; lastKnownFileType = sourcecode.c.h; path = ViewController.h; sourceTree = "<group>"; };
		B91726FD241D006900E66798 /* ViewController.m */ = {isa = PBXFileReference; lastKnownFileType = sourcecode.c.objc; path = ViewController.m; sourceTree = "<group>"; };
		B9172700241D006900E66798 /* Base */ = {isa = PBXFileReference; lastKnownFileType = file.storyboard; name = Base; path = Base.lproj/Main.storyboard; sourceTree = "<group>"; };
		B9172702241D006A00E66798 /* Assets.xcassets */ = {isa = PBXFileReference; lastKnownFileType = folder.assetcatalog; path = Assets.xcassets; sourceTree = "<group>"; };
		B9172705241D006A00E66798 /* Base */ = {isa = PBXFileReference; lastKnownFileType = file.storyboard; name = Base; path = Base.lproj/LaunchScreen.storyboard; sourceTree = "<group>"; };
		B9172707241D006A00E66798 /* Info.plist */ = {isa = PBXFileReference; lastKnownFileType = text.plist.xml; path = Info.plist; sourceTree = "<group>"; };
		B9172708241D006A00E66798 /* main.m */ = {isa = PBXFileReference; lastKnownFileType = sourcecode.c.objc; path = main.m; sourceTree = "<group>"; };
/* End PBXFileReference section */

/* Begin PBXFrameworksBuildPhase section */
		B91726F0241D006900E66798 /* Frameworks */ = {
			isa = PBXFrameworksBuildPhase;
			buildActionMask = 2147483647;
			files = (
			);
			runOnlyForDeploymentPostprocessing = 0;
		};
/* End PBXFrameworksBuildPhase section */

/* Begin PBXGroup section */
		B91726EA241D006900E66798 = {
			isa = PBXGroup;
			children = (
				B91726F5241D006900E66798 /* CustomNavigationBarSlideAndFade */,
				B91726F4241D006900E66798 /* Products */,
			);
			sourceTree = "<group>";
		};
		B91726F4241D006900E66798 /* Products */ = {
			isa = PBXGroup;
			children = (
				B91726F3241D006900E66798 /* CustomNavigationBarSlideAndFade.app */,
			);
			name = Products;
			sourceTree = "<group>";
		};
		B91726F5241D006900E66798 /* CustomNavigationBarSlideAndFade */ = {
			isa = PBXGroup;
			children = (
				B91726F6241D006900E66798 /* AppDelegate.h */,
				B91726F7241D006900E66798 /* AppDelegate.m */,
				B91726F9241D006900E66798 /* SceneDelegate.h */,
				B91726FA241D006900E66798 /* SceneDelegate.m */,
				B91726FC241D006900E66798 /* ViewController.h */,
				B91726FD241D006900E66798 /* ViewController.m */,
				B91726FF241D006900E66798 /* Main.storyboard */,
				B9172702241D006A00E66798 /* Assets.xcassets */,
				B9172704241D006A00E66798 /* LaunchScreen.storyboard */,
				B9172707241D006A00E66798 /* Info.plist */,
				B9172708241D006A00E66798 /* main.m */,
			);
			path = CustomNavigationBarSlideAndFade;
			sourceTree = "<group>";
		};
/* End PBXGroup section */

/* Begin PBXNativeTarget section */
		B91726F2241D006900E66798 /* CustomNavigationBarSlideAndFade */ = {
			isa = PBXNativeTarget;
			buildConfigurationList = B917270C241D006A00E66798 /* Build configuration list for PBXNativeTarget "CustomNavigationBarSlideAndFade" */;
			buildPhases = (
				B91726EF241D006900E66798 /* Sources */,
				B91726F0241D006900E66798 /* Frameworks */,
				B91726F1241D006900E66798 /* Resources */,
			);
			buildRules = (
			);
			dependencies = (
			);
			name = CustomNavigationBarSlideAndFade;
			productName = CustomNavigationBarSlideAndFade;
			productReference = B91726F3241D006900E66798 /* CustomNavigationBarSlideAndFade.app */;
			productType = "com.apple.product-type.application";
		};
/* End PBXNativeTarget section */

/* Begin PBXProject section */
		B91726EB241D006900E66798 /* Project object */ = {
			isa = PBXProject;
			attributes = {
				LastUpgradeCheck = 1130;
				ORGANIZATIONNAME = "myungyu Kim";
				TargetAttributes = {
					B91726F2241D006900E66798 = {
						CreatedOnToolsVersion = 11.3.1;
					};
				};
			};
			buildConfigurationList = B91726EE241D006900E66798 /* Build configuration list for PBXProject "CustomNavigationBarSlideAndFade" */;
			compatibilityVersion = "Xcode 9.3";
			developmentRegion = en;
			hasScannedForEncodings = 0;
			knownRegions = (
				en,
				Base,
			);
			mainGroup = B91726EA241D006900E66798;
			productRefGroup = B91726F4241D006900E66798 /* Products */;
			projectDirPath = "";
			projectRoot = "";
			targets = (
				B91726F2241D006900E66798 /* CustomNavigationBarSlideAndFade */,
			);
		};
/* End PBXProject section */

/* Begin PBXResourcesBuildPhase section */
		B91726F1241D006900E66798 /* Resources */ = {
			isa = PBXResourcesBuildPhase;
			buildActionMask = 2147483647;
			files = (
				B9172706241D006A00E66798 /* LaunchScreen.storyboard in Resources */,
				B9172703241D006A00E66798 /* Assets.xcassets in Resources */,
				B9172701241D006900E66798 /* Main.storyboard in Resources */,
			);
			runOnlyForDeploymentPostprocessing = 0;
		};
/* End PBXResourcesBuildPhase section */

/* Begin PBXSourcesBuildPhase section */
		B91726EF241D006900E66798 /* Sources */ = {
			isa = PBXSourcesBuildPhase;
			buildActionMask = 2147483647;
			files = (
				B91726FE241D006900E66798 /* ViewController.m in Sources */,
				B91726F8241D006900E66798 /* AppDelegate.m in Sources */,
				B9172709241D006A00E66798 /* main.m in Sources */,
				B91726FB241D006900E66798 /* SceneDelegate.m in Sources */,
			);
			runOnlyForDeploymentPostprocessing = 0;
		};
/* End PBXSourcesBuildPhase section */

/* Begin PBXVariantGroup section */
		B91726FF241D006900E66798 /* Main.storyboard */ = {
			isa = PBXVariantGroup;
			children = (
				B9172700241D006900E66798 /* Base */,
			);
			name = Main.storyboard;
			sourceTree = "<group>";
		};
		B9172704241D006A00E66798 /* LaunchScreen.storyboard */ = {
			isa = PBXVariantGroup;
			children = (
				B9172705241D006A00E66798 /* Base */,
			);
			name = LaunchScreen.storyboard;
			sourceTree = "<group>";
		};
/* End PBXVariantGroup section */

/* Begin XCBuildConfiguration section */
		B917270A241D006A00E66798 /* Debug */ = {
			isa = XCBuildConfiguration;
			buildSettings = {
				ALWAYS_SEARCH_USER_PATHS = NO;
				CLANG_ANALYZER_NONNULL = YES;
				CLANG_ANALYZER_NUMBER_OBJECT_CONVERSION = YES_AGGRESSIVE;
				CLANG_CXX_LANGUAGE_STANDARD = "gnu++14";
				CLANG_CXX_LIBRARY = "libc++";
				CLANG_ENABLE_MODULES = YES;
				CLANG_ENABLE_OBJC_ARC = YES;
				CLANG_ENABLE_OBJC_WEAK = YES;
				CLANG_WARN_BLOCK_CAPTURE_AUTORELEASING = YES;
				CLANG_WARN_BOOL_CONVERSION = YES;
				CLANG_WARN_COMMA = YES;
				CLANG_WARN_CONSTANT_CONVERSION = YES;
				CLANG_WARN_DEPRECATED_OBJC_IMPLEMENTATIONS = YES;
				CLANG_WARN_DIRECT_OBJC_ISA_USAGE = YES_ERROR;
				CLANG_WARN_DOCUMENTATION_COMMENTS = YES;
				CLANG_WARN_EMPTY_BODY = YES;
				CLANG_WARN_ENUM_CONVERSION = YES;
				CLANG_WARN_INFINITE_RECURSION = YES;
				CLANG_WARN_INT_CONVERSION = YES;
				CLANG_WARN_NON_LITERAL_NULL_CONVERSION = YES;
				CLANG_WARN_OBJC_IMPLICIT_RETAIN_SELF = YES;
				CLANG_WARN_OBJC_LITERAL_CONVERSION = YES;
				CLANG_WARN_OBJC_ROOT_CLASS = YES_ERROR;
				CLANG_WARN_RANGE_LOOP_ANALYSIS = YES;
				CLANG_WARN_STRICT_PROTOTYPES = YES;
				CLANG_WARN_SUSPICIOUS_MOVE = YES;
				CLANG_WARN_UNGUARDED_AVAILABILITY = YES_AGGRESSIVE;
				CLANG_WARN_UNREACHABLE_CODE = YES;
				CLANG_WARN__DUPLICATE_METHOD_MATCH = YES;
				COPY_PHASE_STRIP = NO;
				DEBUG_INFORMATION_FORMAT = dwarf;
				ENABLE_STRICT_OBJC_MSGSEND = YES;
				ENABLE_TESTABILITY = YES;
				GCC_C_LANGUAGE_STANDARD = gnu11;
				GCC_DYNAMIC_NO_PIC = NO;
				GCC_NO_COMMON_BLOCKS = YES;
				GCC_OPTIMIZATION_LEVEL = 0;
				GCC_PREPROCESSOR_DEFINITIONS = (
					"DEBUG=1",
					"$(inherited)",
				);
				GCC_WARN_64_TO_32_BIT_CONVERSION = YES;
				GCC_WARN_ABOUT_RETURN_TYPE = YES_ERROR;
				GCC_WARN_UNDECLARED_SELECTOR = YES;
				GCC_WARN_UNINITIALIZED_AUTOS = YES_AGGRESSIVE;
				GCC_WARN_UNUSED_FUNCTION = YES;
				GCC_WARN_UNUSED_VARIABLE = YES;
				IPHONEOS_DEPLOYMENT_TARGET = 13.2;
				MTL_ENABLE_DEBUG_INFO = INCLUDE_SOURCE;
				MTL_FAST_MATH = YES;
				ONLY_ACTIVE_ARCH = YES;
				SDKROOT = iphoneos;
			};
			name = Debug;
		};
		B917270B241D006A00E66798 /* Release */ = {
			isa = XCBuildConfiguration;
			buildSettings = {
				ALWAYS_SEARCH_USER_PATHS = NO;
				CLANG_ANALYZER_NONNULL = YES;
				CLANG_ANALYZER_NUMBER_OBJECT_CONVERSION = YES_AGGRESSIVE;
				CLANG_CXX_LANGUAGE_STANDARD = "gnu++14";
				CLANG_CXX_LIBRARY = "libc++";
				CLANG_ENABLE_MODULES = YES;
				CLANG_ENABLE_OBJC_ARC = YES;
				CLANG_ENABLE_OBJC_WEAK = YES;
				CLANG_WARN_BLOCK_CAPTURE_AUTORELEASING = YES;
				CLANG_WARN_BOOL_CONVERSION = YES;
				CLANG_WARN_COMMA = YES;
				CLANG_WARN_CONSTANT_CONVERSION = YES;
				CLANG_WARN_DEPRECATED_OBJC_IMPLEMENTATIONS = YES;
				CLANG_WARN_DIRECT_OBJC_ISA_USAGE = YES_ERROR;
				CLANG_WARN_DOCUMENTATION_COMMENTS = YES;
				CLANG_WARN_EMPTY_BODY = YES;
				CLANG_WARN_ENUM_CONVERSION = YES;
				CLANG_WARN_INFINITE_RECURSION = YES;
				CLANG_WARN_INT_CONVERSION = YES;
				CLANG_WARN_NON_LITERAL_NULL_CONVERSION = YES;
				CLANG_WARN_OBJC_IMPLICIT_RETAIN_SELF = YES;
				CLANG_WARN_OBJC_LITERAL_CONVERSION = YES;
				CLANG_WARN_OBJC_ROOT_CLASS = YES_ERROR;
				CLANG_WARN_RANGE_LOOP_ANALYSIS = YES;
				CLANG_WARN_STRICT_PROTOTYPES = YES;
				CLANG_WARN_SUSPICIOUS_MOVE = YES;
				CLANG_WARN_UNGUARDED_AVAILABILITY = YES_AGGRESSIVE;
				CLANG_WARN_UNREACHABLE_CODE = YES;
				CLANG_WARN__DUPLICATE_METHOD_MATCH = YES;
				COPY_PHASE_STRIP = NO;
				DEBUG_INFORMATION_FORMAT = "dwarf-with-dsym";
				ENABLE_NS_ASSERTIONS = NO;
				ENABLE_STRICT_OBJC_MSGSEND = YES;
				GCC_C_LANGUAGE_STANDARD = gnu11;
				GCC_NO_COMMON_BLOCKS = YES;
				GCC_WARN_64_TO_32_BIT_CONVERSION = YES;
				GCC_WARN_ABOUT_RETURN_TYPE = YES_ERROR;
				GCC_WARN_UNDECLARED_SELECTOR = YES;
				GCC_WARN_UNINITIALIZED_AUTOS = YES_AGGRESSIVE;
				GCC_WARN_UNUSED_FUNCTION = YES;
				GCC_WARN_UNUSED_VARIABLE = YES;
				IPHONEOS_DEPLOYMENT_TARGET = 13.2;
				MTL_ENABLE_DEBUG_INFO = NO;
				MTL_FAST_MATH = YES;
				SDKROOT = iphoneos;
				VALIDATE_PRODUCT = YES;
			};
			name = Release;
		};
		B917270D241D006A00E66798 /* Debug */ = {
			isa = XCBuildConfiguration;
			buildSettings = {
				ASSETCATALOG_COMPILER_APPICON_NAME = AppIcon;
				CODE_SIGN_STYLE = Automatic;
				DEVELOPMENT_TEAM = 2XZPR2378T;
				INFOPLIST_FILE = CustomNavigationBarSlideAndFade/Info.plist;
				LD_RUNPATH_SEARCH_PATHS = (
					"$(inherited)",
					"@executable_path/Frameworks",
				);
				PRODUCT_BUNDLE_IDENTIFIER = com.minerva.CustomNavigationBarSlideAndFade;
				PRODUCT_NAME = "$(TARGET_NAME)";
				TARGETED_DEVICE_FAMILY = "1,2";
			};
			name = Debug;
		};
		B917270E241D006A00E66798 /* Release */ = {
			isa = XCBuildConfiguration;
			buildSettings = {
				ASSETCATALOG_COMPILER_APPICON_NAME = AppIcon;
				CODE_SIGN_STYLE = Automatic;
				DEVELOPMENT_TEAM = 2XZPR2378T;
				INFOPLIST_FILE = CustomNavigationBarSlideAndFade/Info.plist;
				LD_RUNPATH_SEARCH_PATHS = (
					"$(inherited)",
					"@executable_path/Frameworks",
				);
				PRODUCT_BUNDLE_IDENTIFIER = com.minerva.CustomNavigationBarSlideAndFade;
				PRODUCT_NAME = "$(TARGET_NAME)";
				TARGETED_DEVICE_FAMILY = "1,2";
			};
			name = Release;
		};
/* End XCBuildConfiguration section */

/* Begin XCConfigurationList section */
		B91726EE241D006900E66798 /* Build configuration list for PBXProject "CustomNavigationBarSlideAndFade" */ = {
			isa = XCConfigurationList;
			buildConfigurations = (
				B917270A241D006A00E66798 /* Debug */,
				B917270B241D006A00E66798 /* Release */,
			);
			defaultConfigurationIsVisible = 0;
			defaultConfigurationName = Release;
		};
		B917270C241D006A00E66798 /* Build configuration list for PBXNativeTarget "CustomNavigationBarSlideAndFade" */ = {
			isa = XCConfigurationList;
			buildConfigurations = (
				B917270D241D006A00E66798 /* Debug */,
				B917270E241D006A00E66798 /* Release */,
			);
			defaultConfigurationIsVisible = 0;
			defaultConfigurationName = Release;
		};
/* End XCConfigurationList section */
	};
	rootObject = B91726EB241D006900E66798 /* Project object */;
}
