// !$*UTF8*$!
{
	archiveVersion = 1;
	classes = {
	};
	objectVersion = 50;
	objects = {

/* Begin PBXBuildFile section */
		B97173D823C1B4110047EFEE /* AppDelegate.m in Sources */ = {isa = PBXBuildFile; fileRef = B97173D723C1B4110047EFEE /* AppDelegate.m */; };
		B97173DB23C1B4110047EFEE /* SceneDelegate.m in Sources */ = {isa = PBXBuildFile; fileRef = B97173DA23C1B4110047EFEE /* SceneDelegate.m */; };
		B97173DE23C1B4110047EFEE /* ViewController.m in Sources */ = {isa = PBXBuildFile; fileRef = B97173DD23C1B4110047EFEE /* ViewController.m */; };
		B97173E123C1B4110047EFEE /* Main.storyboard in Resources */ = {isa = PBXBuildFile; fileRef = B97173DF23C1B4110047EFEE /* Main.storyboard */; };
		B97173E323C1B4120047EFEE /* Assets.xcassets in Resources */ = {isa = PBXBuildFile; fileRef = B97173E223C1B4120047EFEE /* Assets.xcassets */; };
		B97173E623C1B4120047EFEE /* LaunchScreen.storyboard in Resources */ = {isa = PBXBuildFile; fileRef = B97173E423C1B4120047EFEE /* LaunchScreen.storyboard */; };
		B97173E923C1B4120047EFEE /* main.m in Sources */ = {isa = PBXBuildFile; fileRef = B97173E823C1B4120047EFEE /* main.m */; };
		B97173F223C1CBB40047EFEE /* WebViewManager.m in Sources */ = {isa = PBXBuildFile; fileRef = B97173F123C1CBB40047EFEE /* WebViewManager.m */; };
		B97173F823C1DC1A0047EFEE /* ContainerViewController.m in Sources */ = {isa = PBXBuildFile; fileRef = B97173F723C1DC1A0047EFEE /* ContainerViewController.m */; };
/* End PBXBuildFile section */

/* Begin PBXFileReference section */
		B97173D323C1B4110047EFEE /* WebViewTest.app */ = {isa = PBXFileReference; explicitFileType = wrapper.application; includeInIndex = 0; path = WebViewTest.app; sourceTree = BUILT_PRODUCTS_DIR; };
		B97173D623C1B4110047EFEE /* AppDelegate.h */ = {isa = PBXFileReference; lastKnownFileType = sourcecode.c.h; path = AppDelegate.h; sourceTree = "<group>"; };
		B97173D723C1B4110047EFEE /* AppDelegate.m */ = {isa = PBXFileReference; lastKnownFileType = sourcecode.c.objc; path = AppDelegate.m; sourceTree = "<group>"; };
		B97173D923C1B4110047EFEE /* SceneDelegate.h */ = {isa = PBXFileReference; lastKnownFileType = sourcecode.c.h; path = SceneDelegate.h; sourceTree = "<group>"; };
		B97173DA23C1B4110047EFEE /* SceneDelegate.m */ = {isa = PBXFileReference; lastKnownFileType = sourcecode.c.objc; path = SceneDelegate.m; sourceTree = "<group>"; };
		B97173DC23C1B4110047EFEE /* ViewController.h */ = {isa = PBXFileReference; lastKnownFileType = sourcecode.c.h; path = ViewController.h; sourceTree = "<group>"; };
		B97173DD23C1B4110047EFEE /* ViewController.m */ = {isa = PBXFileReference; lastKnownFileType = sourcecode.c.objc; path = ViewController.m; sourceTree = "<group>"; };
		B97173E023C1B4110047EFEE /* Base */ = {isa = PBXFileReference; lastKnownFileType = file.storyboard; name = Base; path = Base.lproj/Main.storyboard; sourceTree = "<group>"; };
		B97173E223C1B4120047EFEE /* Assets.xcassets */ = {isa = PBXFileReference; lastKnownFileType = folder.assetcatalog; path = Assets.xcassets; sourceTree = "<group>"; };
		B97173E523C1B4120047EFEE /* Base */ = {isa = PBXFileReference; lastKnownFileType = file.storyboard; name = Base; path = Base.lproj/LaunchScreen.storyboard; sourceTree = "<group>"; };
		B97173E723C1B4120047EFEE /* Info.plist */ = {isa = PBXFileReference; lastKnownFileType = text.plist.xml; path = Info.plist; sourceTree = "<group>"; };
		B97173E823C1B4120047EFEE /* main.m */ = {isa = PBXFileReference; lastKnownFileType = sourcecode.c.objc; path = main.m; sourceTree = "<group>"; };
		B97173F023C1CBB40047EFEE /* WebViewManager.h */ = {isa = PBXFileReference; lastKnownFileType = sourcecode.c.h; path = WebViewManager.h; sourceTree = "<group>"; };
		B97173F123C1CBB40047EFEE /* WebViewManager.m */ = {isa = PBXFileReference; lastKnownFileType = sourcecode.c.objc; path = WebViewManager.m; sourceTree = "<group>"; };
		B97173F623C1DC1A0047EFEE /* ContainerViewController.h */ = {isa = PBXFileReference; lastKnownFileType = sourcecode.c.h; path = ContainerViewController.h; sourceTree = "<group>"; };
		B97173F723C1DC1A0047EFEE /* ContainerViewController.m */ = {isa = PBXFileReference; lastKnownFileType = sourcecode.c.objc; path = ContainerViewController.m; sourceTree = "<group>"; };
/* End PBXFileReference section */

/* Begin PBXFrameworksBuildPhase section */
		B97173D023C1B4110047EFEE /* Frameworks */ = {
			isa = PBXFrameworksBuildPhase;
			buildActionMask = 2147483647;
			files = (
			);
			runOnlyForDeploymentPostprocessing = 0;
		};
/* End PBXFrameworksBuildPhase section */

/* Begin PBXGroup section */
		B97173CA23C1B4110047EFEE = {
			isa = PBXGroup;
			children = (
				B97173D523C1B4110047EFEE /* WebViewTest */,
				B97173D423C1B4110047EFEE /* Products */,
			);
			sourceTree = "<group>";
		};
		B97173D423C1B4110047EFEE /* Products */ = {
			isa = PBXGroup;
			children = (
				B97173D323C1B4110047EFEE /* WebViewTest.app */,
			);
			name = Products;
			sourceTree = "<group>";
		};
		B97173D523C1B4110047EFEE /* WebViewTest */ = {
			isa = PBXGroup;
			children = (
				B97173EF23C1CB8E0047EFEE /* Manager */,
				B97173D623C1B4110047EFEE /* AppDelegate.h */,
				B97173D723C1B4110047EFEE /* AppDelegate.m */,
				B97173D923C1B4110047EFEE /* SceneDelegate.h */,
				B97173DA23C1B4110047EFEE /* SceneDelegate.m */,
				B97173DC23C1B4110047EFEE /* ViewController.h */,
				B97173DD23C1B4110047EFEE /* ViewController.m */,
				B97173F623C1DC1A0047EFEE /* ContainerViewController.h */,
				B97173F723C1DC1A0047EFEE /* ContainerViewController.m */,
				B97173DF23C1B4110047EFEE /* Main.storyboard */,
				B97173E223C1B4120047EFEE /* Assets.xcassets */,
				B97173E423C1B4120047EFEE /* LaunchScreen.storyboard */,
				B97173E723C1B4120047EFEE /* Info.plist */,
				B97173E823C1B4120047EFEE /* main.m */,
			);
			path = WebViewTest;
			sourceTree = "<group>";
		};
		B97173EF23C1CB8E0047EFEE /* Manager */ = {
			isa = PBXGroup;
			children = (
				B97173F023C1CBB40047EFEE /* WebViewManager.h */,
				B97173F123C1CBB40047EFEE /* WebViewManager.m */,
			);
			path = Manager;
			sourceTree = "<group>";
		};
/* End PBXGroup section */

/* Begin PBXNativeTarget section */
		B97173D223C1B4110047EFEE /* WebViewTest */ = {
			isa = PBXNativeTarget;
			buildConfigurationList = B97173EC23C1B4120047EFEE /* Build configuration list for PBXNativeTarget "WebViewTest" */;
			buildPhases = (
				B97173CF23C1B4110047EFEE /* Sources */,
				B97173D023C1B4110047EFEE /* Frameworks */,
				B97173D123C1B4110047EFEE /* Resources */,
			);
			buildRules = (
			);
			dependencies = (
			);
			name = WebViewTest;
			productName = WebViewTest;
			productReference = B97173D323C1B4110047EFEE /* WebViewTest.app */;
			productType = "com.apple.product-type.application";
		};
/* End PBXNativeTarget section */

/* Begin PBXProject section */
		B97173CB23C1B4110047EFEE /* Project object */ = {
			isa = PBXProject;
			attributes = {
				LastUpgradeCheck = 1120;
				ORGANIZATIONNAME = "myungyu Kim";
				TargetAttributes = {
					B97173D223C1B4110047EFEE = {
						CreatedOnToolsVersion = 11.2.1;
					};
				};
			};
			buildConfigurationList = B97173CE23C1B4110047EFEE /* Build configuration list for PBXProject "WebViewTest" */;
			compatibilityVersion = "Xcode 9.3";
			developmentRegion = en;
			hasScannedForEncodings = 0;
			knownRegions = (
				en,
				Base,
			);
			mainGroup = B97173CA23C1B4110047EFEE;
			productRefGroup = B97173D423C1B4110047EFEE /* Products */;
			projectDirPath = "";
			projectRoot = "";
			targets = (
				B97173D223C1B4110047EFEE /* WebViewTest */,
			);
		};
/* End PBXProject section */

/* Begin PBXResourcesBuildPhase section */
		B97173D123C1B4110047EFEE /* Resources */ = {
			isa = PBXResourcesBuildPhase;
			buildActionMask = 2147483647;
			files = (
				B97173E623C1B4120047EFEE /* LaunchScreen.storyboard in Resources */,
				B97173E323C1B4120047EFEE /* Assets.xcassets in Resources */,
				B97173E123C1B4110047EFEE /* Main.storyboard in Resources */,
			);
			runOnlyForDeploymentPostprocessing = 0;
		};
/* End PBXResourcesBuildPhase section */

/* Begin PBXSourcesBuildPhase section */
		B97173CF23C1B4110047EFEE /* Sources */ = {
			isa = PBXSourcesBuildPhase;
			buildActionMask = 2147483647;
			files = (
				B97173F223C1CBB40047EFEE /* WebViewManager.m in Sources */,
				B97173DE23C1B4110047EFEE /* ViewController.m in Sources */,
				B97173F823C1DC1A0047EFEE /* ContainerViewController.m in Sources */,
				B97173D823C1B4110047EFEE /* AppDelegate.m in Sources */,
				B97173E923C1B4120047EFEE /* main.m in Sources */,
				B97173DB23C1B4110047EFEE /* SceneDelegate.m in Sources */,
			);
			runOnlyForDeploymentPostprocessing = 0;
		};
/* End PBXSourcesBuildPhase section */

/* Begin PBXVariantGroup section */
		B97173DF23C1B4110047EFEE /* Main.storyboard */ = {
			isa = PBXVariantGroup;
			children = (
				B97173E023C1B4110047EFEE /* Base */,
			);
			name = Main.storyboard;
			sourceTree = "<group>";
		};
		B97173E423C1B4120047EFEE /* LaunchScreen.storyboard */ = {
			isa = PBXVariantGroup;
			children = (
				B97173E523C1B4120047EFEE /* Base */,
			);
			name = LaunchScreen.storyboard;
			sourceTree = "<group>";
		};
/* End PBXVariantGroup section */

/* Begin XCBuildConfiguration section */
		B97173EA23C1B4120047EFEE /* Debug */ = {
			isa = XCBuildConfiguration;
			buildSettings = {
				ALWAYS_SEARCH_USER_PATHS = NO;
				CLANG_ANALYZER_NONNULL = YES;
				CLANG_ANALYZER_NUMBER_OBJECT_CONVERSION = YES_AGGRESSIVE;
				CLANG_CXX_LANGUAGE_STANDARD = "gnu++14";
				CLANG_CXX_LIBRARY = "libc++";
				CLANG_ENABLE_MODULES = YES;
				CLANG_ENABLE_OBJC_ARC = YES;
				CLANG_ENABLE_OBJC_WEAK = YES;
				CLANG_WARN_BLOCK_CAPTURE_AUTORELEASING = YES;
				CLANG_WARN_BOOL_CONVERSION = YES;
				CLANG_WARN_COMMA = YES;
				CLANG_WARN_CONSTANT_CONVERSION = YES;
				CLANG_WARN_DEPRECATED_OBJC_IMPLEMENTATIONS = YES;
				CLANG_WARN_DIRECT_OBJC_ISA_USAGE = YES_ERROR;
				CLANG_WARN_DOCUMENTATION_COMMENTS = YES;
				CLANG_WARN_EMPTY_BODY = YES;
				CLANG_WARN_ENUM_CONVERSION = YES;
				CLANG_WARN_INFINITE_RECURSION = YES;
				CLANG_WARN_INT_CONVERSION = YES;
				CLANG_WARN_NON_LITERAL_NULL_CONVERSION = YES;
				CLANG_WARN_OBJC_IMPLICIT_RETAIN_SELF = YES;
				CLANG_WARN_OBJC_LITERAL_CONVERSION = YES;
				CLANG_WARN_OBJC_ROOT_CLASS = YES_ERROR;
				CLANG_WARN_RANGE_LOOP_ANALYSIS = YES;
				CLANG_WARN_STRICT_PROTOTYPES = YES;
				CLANG_WARN_SUSPICIOUS_MOVE = YES;
				CLANG_WARN_UNGUARDED_AVAILABILITY = YES_AGGRESSIVE;
				CLANG_WARN_UNREACHABLE_CODE = YES;
				CLANG_WARN__DUPLICATE_METHOD_MATCH = YES;
				COPY_PHASE_STRIP = NO;
				DEBUG_INFORMATION_FORMAT = dwarf;
				ENABLE_STRICT_OBJC_MSGSEND = YES;
				ENABLE_TESTABILITY = YES;
				GCC_C_LANGUAGE_STANDARD = gnu11;
				GCC_DYNAMIC_NO_PIC = NO;
				GCC_NO_COMMON_BLOCKS = YES;
				GCC_OPTIMIZATION_LEVEL = 0;
				GCC_PREPROCESSOR_DEFINITIONS = (
					"DEBUG=1",
					"$(inherited)",
				);
				GCC_WARN_64_TO_32_BIT_CONVERSION = YES;
				GCC_WARN_ABOUT_RETURN_TYPE = YES_ERROR;
				GCC_WARN_UNDECLARED_SELECTOR = YES;
				GCC_WARN_UNINITIALIZED_AUTOS = YES_AGGRESSIVE;
				GCC_WARN_UNUSED_FUNCTION = YES;
				GCC_WARN_UNUSED_VARIABLE = YES;
				IPHONEOS_DEPLOYMENT_TARGET = 13.2;
				MTL_ENABLE_DEBUG_INFO = INCLUDE_SOURCE;
				MTL_FAST_MATH = YES;
				ONLY_ACTIVE_ARCH = YES;
				SDKROOT = iphoneos;
			};
			name = Debug;
		};
		B97173EB23C1B4120047EFEE /* Release */ = {
			isa = XCBuildConfiguration;
			buildSettings = {
				ALWAYS_SEARCH_USER_PATHS = NO;
				CLANG_ANALYZER_NONNULL = YES;
				CLANG_ANALYZER_NUMBER_OBJECT_CONVERSION = YES_AGGRESSIVE;
				CLANG_CXX_LANGUAGE_STANDARD = "gnu++14";
				CLANG_CXX_LIBRARY = "libc++";
				CLANG_ENABLE_MODULES = YES;
				CLANG_ENABLE_OBJC_ARC = YES;
				CLANG_ENABLE_OBJC_WEAK = YES;
				CLANG_WARN_BLOCK_CAPTURE_AUTORELEASING = YES;
				CLANG_WARN_BOOL_CONVERSION = YES;
				CLANG_WARN_COMMA = YES;
				CLANG_WARN_CONSTANT_CONVERSION = YES;
				CLANG_WARN_DEPRECATED_OBJC_IMPLEMENTATIONS = YES;
				CLANG_WARN_DIRECT_OBJC_ISA_USAGE = YES_ERROR;
				CLANG_WARN_DOCUMENTATION_COMMENTS = YES;
				CLANG_WARN_EMPTY_BODY = YES;
				CLANG_WARN_ENUM_CONVERSION = YES;
				CLANG_WARN_INFINITE_RECURSION = YES;
				CLANG_WARN_INT_CONVERSION = YES;
				CLANG_WARN_NON_LITERAL_NULL_CONVERSION = YES;
				CLANG_WARN_OBJC_IMPLICIT_RETAIN_SELF = YES;
				CLANG_WARN_OBJC_LITERAL_CONVERSION = YES;
				CLANG_WARN_OBJC_ROOT_CLASS = YES_ERROR;
				CLANG_WARN_RANGE_LOOP_ANALYSIS = YES;
				CLANG_WARN_STRICT_PROTOTYPES = YES;
				CLANG_WARN_SUSPICIOUS_MOVE = YES;
				CLANG_WARN_UNGUARDED_AVAILABILITY = YES_AGGRESSIVE;
				CLANG_WARN_UNREACHABLE_CODE = YES;
				CLANG_WARN__DUPLICATE_METHOD_MATCH = YES;
				COPY_PHASE_STRIP = NO;
				DEBUG_INFORMATION_FORMAT = "dwarf-with-dsym";
				ENABLE_NS_ASSERTIONS = NO;
				ENABLE_STRICT_OBJC_MSGSEND = YES;
				GCC_C_LANGUAGE_STANDARD = gnu11;
				GCC_NO_COMMON_BLOCKS = YES;
				GCC_WARN_64_TO_32_BIT_CONVERSION = YES;
				GCC_WARN_ABOUT_RETURN_TYPE = YES_ERROR;
				GCC_WARN_UNDECLARED_SELECTOR = YES;
				GCC_WARN_UNINITIALIZED_AUTOS = YES_AGGRESSIVE;
				GCC_WARN_UNUSED_FUNCTION = YES;
				GCC_WARN_UNUSED_VARIABLE = YES;
				IPHONEOS_DEPLOYMENT_TARGET = 13.2;
				MTL_ENABLE_DEBUG_INFO = NO;
				MTL_FAST_MATH = YES;
				SDKROOT = iphoneos;
				VALIDATE_PRODUCT = YES;
			};
			name = Release;
		};
		B97173ED23C1B4120047EFEE /* Debug */ = {
			isa = XCBuildConfiguration;
			buildSettings = {
				ASSETCATALOG_COMPILER_APPICON_NAME = AppIcon;
				CODE_SIGN_STYLE = Automatic;
				DEVELOPMENT_TEAM = 2XZPR2378T;
				INFOPLIST_FILE = WebViewTest/Info.plist;
				LD_RUNPATH_SEARCH_PATHS = (
					"$(inherited)",
					"@executable_path/Frameworks",
				);
				PRODUCT_BUNDLE_IDENTIFIER = com.myung.WebViewTest;
				PRODUCT_NAME = "$(TARGET_NAME)";
				TARGETED_DEVICE_FAMILY = "1,2";
			};
			name = Debug;
		};
		B97173EE23C1B4120047EFEE /* Release */ = {
			isa = XCBuildConfiguration;
			buildSettings = {
				ASSETCATALOG_COMPILER_APPICON_NAME = AppIcon;
				CODE_SIGN_STYLE = Automatic;
				DEVELOPMENT_TEAM = 2XZPR2378T;
				INFOPLIST_FILE = WebViewTest/Info.plist;
				LD_RUNPATH_SEARCH_PATHS = (
					"$(inherited)",
					"@executable_path/Frameworks",
				);
				PRODUCT_BUNDLE_IDENTIFIER = com.myung.WebViewTest;
				PRODUCT_NAME = "$(TARGET_NAME)";
				TARGETED_DEVICE_FAMILY = "1,2";
			};
			name = Release;
		};
/* End XCBuildConfiguration section */

/* Begin XCConfigurationList section */
		B97173CE23C1B4110047EFEE /* Build configuration list for PBXProject "WebViewTest" */ = {
			isa = XCConfigurationList;
			buildConfigurations = (
				B97173EA23C1B4120047EFEE /* Debug */,
				B97173EB23C1B4120047EFEE /* Release */,
			);
			defaultConfigurationIsVisible = 0;
			defaultConfigurationName = Release;
		};
		B97173EC23C1B4120047EFEE /* Build configuration list for PBXNativeTarget "WebViewTest" */ = {
			isa = XCConfigurationList;
			buildConfigurations = (
				B97173ED23C1B4120047EFEE /* Debug */,
				B97173EE23C1B4120047EFEE /* Release */,
			);
			defaultConfigurationIsVisible = 0;
			defaultConfigurationName = Release;
		};
/* End XCConfigurationList section */
	};
	rootObject = B97173CB23C1B4110047EFEE /* Project object */;
}
