// !$*UTF8*$!
{
	archiveVersion = 1;
	classes = {
	};
	objectVersion = 50;
	objects = {

/* Begin PBXBuildFile section */
		520CC3BAD4F3747AC7740EC7 /* Pods_Interval_Timer_Example.framework in Frameworks */ = {isa = PBXBuildFile; fileRef = 91A8245A7CB5B2970BAEC473 /* Pods_Interval_Timer_Example.framework */; };
		B9188ACA2377DA5600EDFCEE /* AppDelegate.swift in Sources */ = {isa = PBXBuildFile; fileRef = B9188AC92377DA5600EDFCEE /* AppDelegate.swift */; };
		B9188ACC2377DA5600EDFCEE /* SceneDelegate.swift in Sources */ = {isa = PBXBuildFile; fileRef = B9188ACB2377DA5600EDFCEE /* SceneDelegate.swift */; };
		B9188ACE2377DA5600EDFCEE /* MainViewController.swift in Sources */ = {isa = PBXBuildFile; fileRef = B9188ACD2377DA5600EDFCEE /* MainViewController.swift */; };
		B9188AD12377DA5600EDFCEE /* Main.storyboard in Resources */ = {isa = PBXBuildFile; fileRef = B9188ACF2377DA5600EDFCEE /* Main.storyboard */; };
		B9188AD32377DA5800EDFCEE /* Assets.xcassets in Resources */ = {isa = PBXBuildFile; fileRef = B9188AD22377DA5800EDFCEE /* Assets.xcassets */; };
		B9188AD62377DA5800EDFCEE /* LaunchScreen.storyboard in Resources */ = {isa = PBXBuildFile; fileRef = B9188AD42377DA5800EDFCEE /* LaunchScreen.storyboard */; };
		B9188ADE2377E86A00EDFCEE /* StandardTimerViewController.swift in Sources */ = {isa = PBXBuildFile; fileRef = B9188ADD2377E86A00EDFCEE /* StandardTimerViewController.swift */; };
		B9188AE22377F12200EDFCEE /* TimerUsingRxViewController.swift in Sources */ = {isa = PBXBuildFile; fileRef = B9188AE12377F12200EDFCEE /* TimerUsingRxViewController.swift */; };
		B9188AE42377F12F00EDFCEE /* IntervalTimerViewController.swift in Sources */ = {isa = PBXBuildFile; fileRef = B9188AE32377F12F00EDFCEE /* IntervalTimerViewController.swift */; };
		B9188AE72377FF6800EDFCEE /* StopWatchViewController.swift in Sources */ = {isa = PBXBuildFile; fileRef = B9188AE62377FF6800EDFCEE /* StopWatchViewController.swift */; };
/* End PBXBuildFile section */

/* Begin PBXFileReference section */
		520D3C13C5DE3EDD69AAC6E8 /* Pods-Interval Timer Example.release.xcconfig */ = {isa = PBXFileReference; includeInIndex = 1; lastKnownFileType = text.xcconfig; name = "Pods-Interval Timer Example.release.xcconfig"; path = "Target Support Files/Pods-Interval Timer Example/Pods-Interval Timer Example.release.xcconfig"; sourceTree = "<group>"; };
		91A8245A7CB5B2970BAEC473 /* Pods_Interval_Timer_Example.framework */ = {isa = PBXFileReference; explicitFileType = wrapper.framework; includeInIndex = 0; path = Pods_Interval_Timer_Example.framework; sourceTree = BUILT_PRODUCTS_DIR; };
		A2A0B0A47FBF4371F828E68A /* Pods-Interval Timer Example.debug.xcconfig */ = {isa = PBXFileReference; includeInIndex = 1; lastKnownFileType = text.xcconfig; name = "Pods-Interval Timer Example.debug.xcconfig"; path = "Target Support Files/Pods-Interval Timer Example/Pods-Interval Timer Example.debug.xcconfig"; sourceTree = "<group>"; };
		B9188AC62377DA5600EDFCEE /* Interval Timer Example.app */ = {isa = PBXFileReference; explicitFileType = wrapper.application; includeInIndex = 0; path = "Interval Timer Example.app"; sourceTree = BUILT_PRODUCTS_DIR; };
		B9188AC92377DA5600EDFCEE /* AppDelegate.swift */ = {isa = PBXFileReference; lastKnownFileType = sourcecode.swift; path = AppDelegate.swift; sourceTree = "<group>"; };
		B9188ACB2377DA5600EDFCEE /* SceneDelegate.swift */ = {isa = PBXFileReference; lastKnownFileType = sourcecode.swift; path = SceneDelegate.swift; sourceTree = "<group>"; };
		B9188ACD2377DA5600EDFCEE /* MainViewController.swift */ = {isa = PBXFileReference; lastKnownFileType = sourcecode.swift; path = MainViewController.swift; sourceTree = "<group>"; };
		B9188AD02377DA5600EDFCEE /* Base */ = {isa = PBXFileReference; lastKnownFileType = file.storyboard; name = Base; path = Base.lproj/Main.storyboard; sourceTree = "<group>"; };
		B9188AD22377DA5800EDFCEE /* Assets.xcassets */ = {isa = PBXFileReference; lastKnownFileType = folder.assetcatalog; path = Assets.xcassets; sourceTree = "<group>"; };
		B9188AD52377DA5800EDFCEE /* Base */ = {isa = PBXFileReference; lastKnownFileType = file.storyboard; name = Base; path = Base.lproj/LaunchScreen.storyboard; sourceTree = "<group>"; };
		B9188AD72377DA5800EDFCEE /* Info.plist */ = {isa = PBXFileReference; lastKnownFileType = text.plist.xml; path = Info.plist; sourceTree = "<group>"; };
		B9188ADD2377E86A00EDFCEE /* StandardTimerViewController.swift */ = {isa = PBXFileReference; lastKnownFileType = sourcecode.swift; path = StandardTimerViewController.swift; sourceTree = "<group>"; };
		B9188AE12377F12200EDFCEE /* TimerUsingRxViewController.swift */ = {isa = PBXFileReference; lastKnownFileType = sourcecode.swift; path = TimerUsingRxViewController.swift; sourceTree = "<group>"; };
		B9188AE32377F12F00EDFCEE /* IntervalTimerViewController.swift */ = {isa = PBXFileReference; lastKnownFileType = sourcecode.swift; path = IntervalTimerViewController.swift; sourceTree = "<group>"; };
		B9188AE62377FF6800EDFCEE /* StopWatchViewController.swift */ = {isa = PBXFileReference; lastKnownFileType = sourcecode.swift; path = StopWatchViewController.swift; sourceTree = "<group>"; };
/* End PBXFileReference section */

/* Begin PBXFrameworksBuildPhase section */
		B9188AC32377DA5600EDFCEE /* Frameworks */ = {
			isa = PBXFrameworksBuildPhase;
			buildActionMask = 2147483647;
			files = (
				520CC3BAD4F3747AC7740EC7 /* Pods_Interval_Timer_Example.framework in Frameworks */,
			);
			runOnlyForDeploymentPostprocessing = 0;
		};
/* End PBXFrameworksBuildPhase section */

/* Begin PBXGroup section */
		A07C358216413608703941AD /* Pods */ = {
			isa = PBXGroup;
			children = (
				A2A0B0A47FBF4371F828E68A /* Pods-Interval Timer Example.debug.xcconfig */,
				520D3C13C5DE3EDD69AAC6E8 /* Pods-Interval Timer Example.release.xcconfig */,
			);
			name = Pods;
			path = Pods;
			sourceTree = "<group>";
		};
		B0C6B9E750FC215B9A5BCCC4 /* Frameworks */ = {
			isa = PBXGroup;
			children = (
				91A8245A7CB5B2970BAEC473 /* Pods_Interval_Timer_Example.framework */,
			);
			name = Frameworks;
			sourceTree = "<group>";
		};
		B9188ABD2377DA5500EDFCEE = {
			isa = PBXGroup;
			children = (
				B9188AC82377DA5600EDFCEE /* Interval Timer Example */,
				B9188AC72377DA5600EDFCEE /* Products */,
				A07C358216413608703941AD /* Pods */,
				B0C6B9E750FC215B9A5BCCC4 /* Frameworks */,
			);
			sourceTree = "<group>";
		};
		B9188AC72377DA5600EDFCEE /* Products */ = {
			isa = PBXGroup;
			children = (
				B9188AC62377DA5600EDFCEE /* Interval Timer Example.app */,
			);
			name = Products;
			sourceTree = "<group>";
		};
		B9188AC82377DA5600EDFCEE /* Interval Timer Example */ = {
			isa = PBXGroup;
			children = (
				B9188AE02377E8AE00EDFCEE /* common */,
				B9188AE52377F33E00EDFCEE /* ViewControllers */,
				B9188AC92377DA5600EDFCEE /* AppDelegate.swift */,
				B9188ACB2377DA5600EDFCEE /* SceneDelegate.swift */,
				B9188ACD2377DA5600EDFCEE /* MainViewController.swift */,
				B9188ACF2377DA5600EDFCEE /* Main.storyboard */,
				B9188AD42377DA5800EDFCEE /* LaunchScreen.storyboard */,
			);
			path = "Interval Timer Example";
			sourceTree = "<group>";
		};
		B9188AE02377E8AE00EDFCEE /* common */ = {
			isa = PBXGroup;
			children = (
				B9188AD22377DA5800EDFCEE /* Assets.xcassets */,
				B9188AD72377DA5800EDFCEE /* Info.plist */,
			);
			path = common;
			sourceTree = "<group>";
		};
		B9188AE52377F33E00EDFCEE /* ViewControllers */ = {
			isa = PBXGroup;
			children = (
				B9188AE62377FF6800EDFCEE /* StopWatchViewController.swift */,
				B9188ADD2377E86A00EDFCEE /* StandardTimerViewController.swift */,
				B9188AE12377F12200EDFCEE /* TimerUsingRxViewController.swift */,
				B9188AE32377F12F00EDFCEE /* IntervalTimerViewController.swift */,
			);
			path = ViewControllers;
			sourceTree = "<group>";
		};
/* End PBXGroup section */

/* Begin PBXNativeTarget section */
		B9188AC52377DA5600EDFCEE /* Interval Timer Example */ = {
			isa = PBXNativeTarget;
			buildConfigurationList = B9188ADA2377DA5800EDFCEE /* Build configuration list for PBXNativeTarget "Interval Timer Example" */;
			buildPhases = (
				9B35FC5AB262DFEBF68C9068 /* [CP] Check Pods Manifest.lock */,
				B9188AC22377DA5600EDFCEE /* Sources */,
				B9188AC32377DA5600EDFCEE /* Frameworks */,
				B9188AC42377DA5600EDFCEE /* Resources */,
				6F32C2289773A2B0A835DDC4 /* [CP] Embed Pods Frameworks */,
			);
			buildRules = (
			);
			dependencies = (
			);
			name = "Interval Timer Example";
			productName = "Interval Timer Example";
			productReference = B9188AC62377DA5600EDFCEE /* Interval Timer Example.app */;
			productType = "com.apple.product-type.application";
		};
/* End PBXNativeTarget section */

/* Begin PBXProject section */
		B9188ABE2377DA5500EDFCEE /* Project object */ = {
			isa = PBXProject;
			attributes = {
				LastSwiftUpdateCheck = 1120;
				LastUpgradeCheck = 1120;
				ORGANIZATIONNAME = "myungyu Kim";
				TargetAttributes = {
					B9188AC52377DA5600EDFCEE = {
						CreatedOnToolsVersion = 11.2;
					};
				};
			};
			buildConfigurationList = B9188AC12377DA5500EDFCEE /* Build configuration list for PBXProject "Interval Timer Example" */;
			compatibilityVersion = "Xcode 9.3";
			developmentRegion = en;
			hasScannedForEncodings = 0;
			knownRegions = (
				en,
				Base,
			);
			mainGroup = B9188ABD2377DA5500EDFCEE;
			productRefGroup = B9188AC72377DA5600EDFCEE /* Products */;
			projectDirPath = "";
			projectRoot = "";
			targets = (
				B9188AC52377DA5600EDFCEE /* Interval Timer Example */,
			);
		};
/* End PBXProject section */

/* Begin PBXResourcesBuildPhase section */
		B9188AC42377DA5600EDFCEE /* Resources */ = {
			isa = PBXResourcesBuildPhase;
			buildActionMask = 2147483647;
			files = (
				B9188AD62377DA5800EDFCEE /* LaunchScreen.storyboard in Resources */,
				B9188AD32377DA5800EDFCEE /* Assets.xcassets in Resources */,
				B9188AD12377DA5600EDFCEE /* Main.storyboard in Resources */,
			);
			runOnlyForDeploymentPostprocessing = 0;
		};
/* End PBXResourcesBuildPhase section */

/* Begin PBXShellScriptBuildPhase section */
		6F32C2289773A2B0A835DDC4 /* [CP] Embed Pods Frameworks */ = {
			isa = PBXShellScriptBuildPhase;
			buildActionMask = 2147483647;
			files = (
			);
			inputFileListPaths = (
				"${PODS_ROOT}/Target Support Files/Pods-Interval Timer Example/Pods-Interval Timer Example-frameworks-${CONFIGURATION}-input-files.xcfilelist",
			);
			name = "[CP] Embed Pods Frameworks";
			outputFileListPaths = (
				"${PODS_ROOT}/Target Support Files/Pods-Interval Timer Example/Pods-Interval Timer Example-frameworks-${CONFIGURATION}-output-files.xcfilelist",
			);
			runOnlyForDeploymentPostprocessing = 0;
			shellPath = /bin/sh;
			shellScript = "\"${PODS_ROOT}/Target Support Files/Pods-Interval Timer Example/Pods-Interval Timer Example-frameworks.sh\"\n";
			showEnvVarsInLog = 0;
		};
		9B35FC5AB262DFEBF68C9068 /* [CP] Check Pods Manifest.lock */ = {
			isa = PBXShellScriptBuildPhase;
			buildActionMask = 2147483647;
			files = (
			);
			inputFileListPaths = (
			);
			inputPaths = (
				"${PODS_PODFILE_DIR_PATH}/Podfile.lock",
				"${PODS_ROOT}/Manifest.lock",
			);
			name = "[CP] Check Pods Manifest.lock";
			outputFileListPaths = (
			);
			outputPaths = (
				"$(DERIVED_FILE_DIR)/Pods-Interval Timer Example-checkManifestLockResult.txt",
			);
			runOnlyForDeploymentPostprocessing = 0;
			shellPath = /bin/sh;
			shellScript = "diff \"${PODS_PODFILE_DIR_PATH}/Podfile.lock\" \"${PODS_ROOT}/Manifest.lock\" > /dev/null\nif [ $? != 0 ] ; then\n    # print error to STDERR\n    echo \"error: The sandbox is not in sync with the Podfile.lock. Run 'pod install' or update your CocoaPods installation.\" >&2\n    exit 1\nfi\n# This output is used by Xcode 'outputs' to avoid re-running this script phase.\necho \"SUCCESS\" > \"${SCRIPT_OUTPUT_FILE_0}\"\n";
			showEnvVarsInLog = 0;
		};
/* End PBXShellScriptBuildPhase section */

/* Begin PBXSourcesBuildPhase section */
		B9188AC22377DA5600EDFCEE /* Sources */ = {
			isa = PBXSourcesBuildPhase;
			buildActionMask = 2147483647;
			files = (
				B9188ACE2377DA5600EDFCEE /* MainViewController.swift in Sources */,
				B9188ACA2377DA5600EDFCEE /* AppDelegate.swift in Sources */,
				B9188ADE2377E86A00EDFCEE /* StandardTimerViewController.swift in Sources */,
				B9188ACC2377DA5600EDFCEE /* SceneDelegate.swift in Sources */,
				B9188AE22377F12200EDFCEE /* TimerUsingRxViewController.swift in Sources */,
				B9188AE72377FF6800EDFCEE /* StopWatchViewController.swift in Sources */,
				B9188AE42377F12F00EDFCEE /* IntervalTimerViewController.swift in Sources */,
			);
			runOnlyForDeploymentPostprocessing = 0;
		};
/* End PBXSourcesBuildPhase section */

/* Begin PBXVariantGroup section */
		B9188ACF2377DA5600EDFCEE /* Main.storyboard */ = {
			isa = PBXVariantGroup;
			children = (
				B9188AD02377DA5600EDFCEE /* Base */,
			);
			name = Main.storyboard;
			sourceTree = "<group>";
		};
		B9188AD42377DA5800EDFCEE /* LaunchScreen.storyboard */ = {
			isa = PBXVariantGroup;
			children = (
				B9188AD52377DA5800EDFCEE /* Base */,
			);
			name = LaunchScreen.storyboard;
			sourceTree = "<group>";
		};
/* End PBXVariantGroup section */

/* Begin XCBuildConfiguration section */
		B9188AD82377DA5800EDFCEE /* Debug */ = {
			isa = XCBuildConfiguration;
			buildSettings = {
				ALWAYS_SEARCH_USER_PATHS = NO;
				CLANG_ANALYZER_NONNULL = YES;
				CLANG_ANALYZER_NUMBER_OBJECT_CONVERSION = YES_AGGRESSIVE;
				CLANG_CXX_LANGUAGE_STANDARD = "gnu++14";
				CLANG_CXX_LIBRARY = "libc++";
				CLANG_ENABLE_MODULES = YES;
				CLANG_ENABLE_OBJC_ARC = YES;
				CLANG_ENABLE_OBJC_WEAK = YES;
				CLANG_WARN_BLOCK_CAPTURE_AUTORELEASING = YES;
				CLANG_WARN_BOOL_CONVERSION = YES;
				CLANG_WARN_COMMA = YES;
				CLANG_WARN_CONSTANT_CONVERSION = YES;
				CLANG_WARN_DEPRECATED_OBJC_IMPLEMENTATIONS = YES;
				CLANG_WARN_DIRECT_OBJC_ISA_USAGE = YES_ERROR;
				CLANG_WARN_DOCUMENTATION_COMMENTS = YES;
				CLANG_WARN_EMPTY_BODY = YES;
				CLANG_WARN_ENUM_CONVERSION = YES;
				CLANG_WARN_INFINITE_RECURSION = YES;
				CLANG_WARN_INT_CONVERSION = YES;
				CLANG_WARN_NON_LITERAL_NULL_CONVERSION = YES;
				CLANG_WARN_OBJC_IMPLICIT_RETAIN_SELF = YES;
				CLANG_WARN_OBJC_LITERAL_CONVERSION = YES;
				CLANG_WARN_OBJC_ROOT_CLASS = YES_ERROR;
				CLANG_WARN_RANGE_LOOP_ANALYSIS = YES;
				CLANG_WARN_STRICT_PROTOTYPES = YES;
				CLANG_WARN_SUSPICIOUS_MOVE = YES;
				CLANG_WARN_UNGUARDED_AVAILABILITY = YES_AGGRESSIVE;
				CLANG_WARN_UNREACHABLE_CODE = YES;
				CLANG_WARN__DUPLICATE_METHOD_MATCH = YES;
				COPY_PHASE_STRIP = NO;
				DEBUG_INFORMATION_FORMAT = dwarf;
				ENABLE_STRICT_OBJC_MSGSEND = YES;
				ENABLE_TESTABILITY = YES;
				GCC_C_LANGUAGE_STANDARD = gnu11;
				GCC_DYNAMIC_NO_PIC = NO;
				GCC_NO_COMMON_BLOCKS = YES;
				GCC_OPTIMIZATION_LEVEL = 0;
				GCC_PREPROCESSOR_DEFINITIONS = (
					"DEBUG=1",
					"$(inherited)",
				);
				GCC_WARN_64_TO_32_BIT_CONVERSION = YES;
				GCC_WARN_ABOUT_RETURN_TYPE = YES_ERROR;
				GCC_WARN_UNDECLARED_SELECTOR = YES;
				GCC_WARN_UNINITIALIZED_AUTOS = YES_AGGRESSIVE;
				GCC_WARN_UNUSED_FUNCTION = YES;
				GCC_WARN_UNUSED_VARIABLE = YES;
				IPHONEOS_DEPLOYMENT_TARGET = 13.2;
				MTL_ENABLE_DEBUG_INFO = INCLUDE_SOURCE;
				MTL_FAST_MATH = YES;
				ONLY_ACTIVE_ARCH = YES;
				SDKROOT = iphoneos;
				SWIFT_ACTIVE_COMPILATION_CONDITIONS = DEBUG;
				SWIFT_OPTIMIZATION_LEVEL = "-Onone";
			};
			name = Debug;
		};
		B9188AD92377DA5800EDFCEE /* Release */ = {
			isa = XCBuildConfiguration;
			buildSettings = {
				ALWAYS_SEARCH_USER_PATHS = NO;
				CLANG_ANALYZER_NONNULL = YES;
				CLANG_ANALYZER_NUMBER_OBJECT_CONVERSION = YES_AGGRESSIVE;
				CLANG_CXX_LANGUAGE_STANDARD = "gnu++14";
				CLANG_CXX_LIBRARY = "libc++";
				CLANG_ENABLE_MODULES = YES;
				CLANG_ENABLE_OBJC_ARC = YES;
				CLANG_ENABLE_OBJC_WEAK = YES;
				CLANG_WARN_BLOCK_CAPTURE_AUTORELEASING = YES;
				CLANG_WARN_BOOL_CONVERSION = YES;
				CLANG_WARN_COMMA = YES;
				CLANG_WARN_CONSTANT_CONVERSION = YES;
				CLANG_WARN_DEPRECATED_OBJC_IMPLEMENTATIONS = YES;
				CLANG_WARN_DIRECT_OBJC_ISA_USAGE = YES_ERROR;
				CLANG_WARN_DOCUMENTATION_COMMENTS = YES;
				CLANG_WARN_EMPTY_BODY = YES;
				CLANG_WARN_ENUM_CONVERSION = YES;
				CLANG_WARN_INFINITE_RECURSION = YES;
				CLANG_WARN_INT_CONVERSION = YES;
				CLANG_WARN_NON_LITERAL_NULL_CONVERSION = YES;
				CLANG_WARN_OBJC_IMPLICIT_RETAIN_SELF = YES;
				CLANG_WARN_OBJC_LITERAL_CONVERSION = YES;
				CLANG_WARN_OBJC_ROOT_CLASS = YES_ERROR;
				CLANG_WARN_RANGE_LOOP_ANALYSIS = YES;
				CLANG_WARN_STRICT_PROTOTYPES = YES;
				CLANG_WARN_SUSPICIOUS_MOVE = YES;
				CLANG_WARN_UNGUARDED_AVAILABILITY = YES_AGGRESSIVE;
				CLANG_WARN_UNREACHABLE_CODE = YES;
				CLANG_WARN__DUPLICATE_METHOD_MATCH = YES;
				COPY_PHASE_STRIP = NO;
				DEBUG_INFORMATION_FORMAT = "dwarf-with-dsym";
				ENABLE_NS_ASSERTIONS = NO;
				ENABLE_STRICT_OBJC_MSGSEND = YES;
				GCC_C_LANGUAGE_STANDARD = gnu11;
				GCC_NO_COMMON_BLOCKS = YES;
				GCC_WARN_64_TO_32_BIT_CONVERSION = YES;
				GCC_WARN_ABOUT_RETURN_TYPE = YES_ERROR;
				GCC_WARN_UNDECLARED_SELECTOR = YES;
				GCC_WARN_UNINITIALIZED_AUTOS = YES_AGGRESSIVE;
				GCC_WARN_UNUSED_FUNCTION = YES;
				GCC_WARN_UNUSED_VARIABLE = YES;
				IPHONEOS_DEPLOYMENT_TARGET = 13.2;
				MTL_ENABLE_DEBUG_INFO = NO;
				MTL_FAST_MATH = YES;
				SDKROOT = iphoneos;
				SWIFT_COMPILATION_MODE = wholemodule;
				SWIFT_OPTIMIZATION_LEVEL = "-O";
				VALIDATE_PRODUCT = YES;
			};
			name = Release;
		};
		B9188ADB2377DA5800EDFCEE /* Debug */ = {
			isa = XCBuildConfiguration;
			baseConfigurationReference = A2A0B0A47FBF4371F828E68A /* Pods-Interval Timer Example.debug.xcconfig */;
			buildSettings = {
				ASSETCATALOG_COMPILER_APPICON_NAME = AppIcon;
				CODE_SIGN_IDENTITY = "Apple Development";
				CODE_SIGN_STYLE = Automatic;
				DEVELOPMENT_TEAM = 2XZPR2378T;
				INFOPLIST_FILE = "Interval Timer Example/common/Info.plist";
				LD_RUNPATH_SEARCH_PATHS = (
					"$(inherited)",
					"@executable_path/Frameworks",
				);
				PRODUCT_BUNDLE_IDENTIFIER = "com.myung.Interval-Timer-Example";
				PRODUCT_NAME = "$(TARGET_NAME)";
				PROVISIONING_PROFILE_SPECIFIER = "";
				SWIFT_VERSION = 5.0;
				TARGETED_DEVICE_FAMILY = "1,2";
			};
			name = Debug;
		};
		B9188ADC2377DA5800EDFCEE /* Release */ = {
			isa = XCBuildConfiguration;
			baseConfigurationReference = 520D3C13C5DE3EDD69AAC6E8 /* Pods-Interval Timer Example.release.xcconfig */;
			buildSettings = {
				ASSETCATALOG_COMPILER_APPICON_NAME = AppIcon;
				CODE_SIGN_IDENTITY = "Apple Development";
				CODE_SIGN_STYLE = Automatic;
				DEVELOPMENT_TEAM = 2XZPR2378T;
				INFOPLIST_FILE = "Interval Timer Example/common/Info.plist";
				LD_RUNPATH_SEARCH_PATHS = (
					"$(inherited)",
					"@executable_path/Frameworks",
				);
				PRODUCT_BUNDLE_IDENTIFIER = "com.myung.Interval-Timer-Example";
				PRODUCT_NAME = "$(TARGET_NAME)";
				PROVISIONING_PROFILE_SPECIFIER = "";
				SWIFT_VERSION = 5.0;
				TARGETED_DEVICE_FAMILY = "1,2";
			};
			name = Release;
		};
/* End XCBuildConfiguration section */

/* Begin XCConfigurationList section */
		B9188AC12377DA5500EDFCEE /* Build configuration list for PBXProject "Interval Timer Example" */ = {
			isa = XCConfigurationList;
			buildConfigurations = (
				B9188AD82377DA5800EDFCEE /* Debug */,
				B9188AD92377DA5800EDFCEE /* Release */,
			);
			defaultConfigurationIsVisible = 0;
			defaultConfigurationName = Release;
		};
		B9188ADA2377DA5800EDFCEE /* Build configuration list for PBXNativeTarget "Interval Timer Example" */ = {
			isa = XCConfigurationList;
			buildConfigurations = (
				B9188ADB2377DA5800EDFCEE /* Debug */,
				B9188ADC2377DA5800EDFCEE /* Release */,
			);
			defaultConfigurationIsVisible = 0;
			defaultConfigurationName = Release;
		};
/* End XCConfigurationList section */
	};
	rootObject = B9188ABE2377DA5500EDFCEE /* Project object */;
}
