// !$*UTF8*$!
{
	archiveVersion = 1;
	classes = {
	};
	objectVersion = 50;
	objects = {

/* Begin PBXBuildFile section */
		B91726CF241CFD3F00E66798 /* AppDelegate.m in Sources */ = {isa = PBXBuildFile; fileRef = B91726CE241CFD3F00E66798 /* AppDelegate.m */; };
		B91726D2241CFD3F00E66798 /* SceneDelegate.m in Sources */ = {isa = PBXBuildFile; fileRef = B91726D1241CFD3F00E66798 /* SceneDelegate.m */; };
		B91726D5241CFD3F00E66798 /* ViewController.m in Sources */ = {isa = PBXBuildFile; fileRef = B91726D4241CFD3F00E66798 /* ViewController.m */; };
		B91726D8241CFD3F00E66798 /* Main.storyboard in Resources */ = {isa = PBXBuildFile; fileRef = B91726D6241CFD3F00E66798 /* Main.storyboard */; };
		B91726DA241CFD4000E66798 /* Assets.xcassets in Resources */ = {isa = PBXBuildFile; fileRef = B91726D9241CFD4000E66798 /* Assets.xcassets */; };
		B91726DD241CFD4000E66798 /* LaunchScreen.storyboard in Resources */ = {isa = PBXBuildFile; fileRef = B91726DB241CFD4000E66798 /* LaunchScreen.storyboard */; };
		B91726E0241CFD4000E66798 /* main.m in Sources */ = {isa = PBXBuildFile; fileRef = B91726DF241CFD4000E66798 /* main.m */; };
		B91726E9241CFD6600E66798 /* Tools.m in Sources */ = {isa = PBXBuildFile; fileRef = B91726E8241CFD6600E66798 /* Tools.m */; };
/* End PBXBuildFile section */

/* Begin PBXFileReference section */
		B91726CA241CFD3F00E66798 /* SampleTools.app */ = {isa = PBXFileReference; explicitFileType = wrapper.application; includeInIndex = 0; path = SampleTools.app; sourceTree = BUILT_PRODUCTS_DIR; };
		B91726CD241CFD3F00E66798 /* AppDelegate.h */ = {isa = PBXFileReference; lastKnownFileType = sourcecode.c.h; path = AppDelegate.h; sourceTree = "<group>"; };
		B91726CE241CFD3F00E66798 /* AppDelegate.m */ = {isa = PBXFileReference; lastKnownFileType = sourcecode.c.objc; path = AppDelegate.m; sourceTree = "<group>"; };
		B91726D0241CFD3F00E66798 /* SceneDelegate.h */ = {isa = PBXFileReference; lastKnownFileType = sourcecode.c.h; path = SceneDelegate.h; sourceTree = "<group>"; };
		B91726D1241CFD3F00E66798 /* SceneDelegate.m */ = {isa = PBXFileReference; lastKnownFileType = sourcecode.c.objc; path = SceneDelegate.m; sourceTree = "<group>"; };
		B91726D3241CFD3F00E66798 /* ViewController.h */ = {isa = PBXFileReference; lastKnownFileType = sourcecode.c.h; path = ViewController.h; sourceTree = "<group>"; };
		B91726D4241CFD3F00E66798 /* ViewController.m */ = {isa = PBXFileReference; lastKnownFileType = sourcecode.c.objc; path = ViewController.m; sourceTree = "<group>"; };
		B91726D7241CFD3F00E66798 /* Base */ = {isa = PBXFileReference; lastKnownFileType = file.storyboard; name = Base; path = Base.lproj/Main.storyboard; sourceTree = "<group>"; };
		B91726D9241CFD4000E66798 /* Assets.xcassets */ = {isa = PBXFileReference; lastKnownFileType = folder.assetcatalog; path = Assets.xcassets; sourceTree = "<group>"; };
		B91726DC241CFD4000E66798 /* Base */ = {isa = PBXFileReference; lastKnownFileType = file.storyboard; name = Base; path = Base.lproj/LaunchScreen.storyboard; sourceTree = "<group>"; };
		B91726DE241CFD4000E66798 /* Info.plist */ = {isa = PBXFileReference; lastKnownFileType = text.plist.xml; path = Info.plist; sourceTree = "<group>"; };
		B91726DF241CFD4000E66798 /* main.m */ = {isa = PBXFileReference; lastKnownFileType = sourcecode.c.objc; path = main.m; sourceTree = "<group>"; };
		B91726E7241CFD6600E66798 /* Tools.h */ = {isa = PBXFileReference; lastKnownFileType = sourcecode.c.h; path = Tools.h; sourceTree = "<group>"; };
		B91726E8241CFD6600E66798 /* Tools.m */ = {isa = PBXFileReference; lastKnownFileType = sourcecode.c.objc; path = Tools.m; sourceTree = "<group>"; };
/* End PBXFileReference section */

/* Begin PBXFrameworksBuildPhase section */
		B91726C7241CFD3F00E66798 /* Frameworks */ = {
			isa = PBXFrameworksBuildPhase;
			buildActionMask = 2147483647;
			files = (
			);
			runOnlyForDeploymentPostprocessing = 0;
		};
/* End PBXFrameworksBuildPhase section */

/* Begin PBXGroup section */
		B91726C1241CFD3F00E66798 = {
			isa = PBXGroup;
			children = (
				B91726CC241CFD3F00E66798 /* SampleTools */,
				B91726CB241CFD3F00E66798 /* Products */,
			);
			sourceTree = "<group>";
		};
		B91726CB241CFD3F00E66798 /* Products */ = {
			isa = PBXGroup;
			children = (
				B91726CA241CFD3F00E66798 /* SampleTools.app */,
			);
			name = Products;
			sourceTree = "<group>";
		};
		B91726CC241CFD3F00E66798 /* SampleTools */ = {
			isa = PBXGroup;
			children = (
				B91726E6241CFD5E00E66798 /* Tools */,
				B91726CD241CFD3F00E66798 /* AppDelegate.h */,
				B91726CE241CFD3F00E66798 /* AppDelegate.m */,
				B91726D0241CFD3F00E66798 /* SceneDelegate.h */,
				B91726D1241CFD3F00E66798 /* SceneDelegate.m */,
				B91726D3241CFD3F00E66798 /* ViewController.h */,
				B91726D4241CFD3F00E66798 /* ViewController.m */,
				B91726D6241CFD3F00E66798 /* Main.storyboard */,
				B91726D9241CFD4000E66798 /* Assets.xcassets */,
				B91726DB241CFD4000E66798 /* LaunchScreen.storyboard */,
				B91726DE241CFD4000E66798 /* Info.plist */,
				B91726DF241CFD4000E66798 /* main.m */,
			);
			path = SampleTools;
			sourceTree = "<group>";
		};
		B91726E6241CFD5E00E66798 /* Tools */ = {
			isa = PBXGroup;
			children = (
				B91726E7241CFD6600E66798 /* Tools.h */,
				B91726E8241CFD6600E66798 /* Tools.m */,
			);
			path = Tools;
			sourceTree = "<group>";
		};
/* End PBXGroup section */

/* Begin PBXNativeTarget section */
		B91726C9241CFD3F00E66798 /* SampleTools */ = {
			isa = PBXNativeTarget;
			buildConfigurationList = B91726E3241CFD4000E66798 /* Build configuration list for PBXNativeTarget "SampleTools" */;
			buildPhases = (
				B91726C6241CFD3F00E66798 /* Sources */,
				B91726C7241CFD3F00E66798 /* Frameworks */,
				B91726C8241CFD3F00E66798 /* Resources */,
			);
			buildRules = (
			);
			dependencies = (
			);
			name = SampleTools;
			productName = SampleTools;
			productReference = B91726CA241CFD3F00E66798 /* SampleTools.app */;
			productType = "com.apple.product-type.application";
		};
/* End PBXNativeTarget section */

/* Begin PBXProject section */
		B91726C2241CFD3F00E66798 /* Project object */ = {
			isa = PBXProject;
			attributes = {
				LastUpgradeCheck = 1130;
				ORGANIZATIONNAME = "myungyu Kim";
				TargetAttributes = {
					B91726C9241CFD3F00E66798 = {
						CreatedOnToolsVersion = 11.3.1;
					};
				};
			};
			buildConfigurationList = B91726C5241CFD3F00E66798 /* Build configuration list for PBXProject "SampleTools" */;
			compatibilityVersion = "Xcode 9.3";
			developmentRegion = en;
			hasScannedForEncodings = 0;
			knownRegions = (
				en,
				Base,
			);
			mainGroup = B91726C1241CFD3F00E66798;
			productRefGroup = B91726CB241CFD3F00E66798 /* Products */;
			projectDirPath = "";
			projectRoot = "";
			targets = (
				B91726C9241CFD3F00E66798 /* SampleTools */,
			);
		};
/* End PBXProject section */

/* Begin PBXResourcesBuildPhase section */
		B91726C8241CFD3F00E66798 /* Resources */ = {
			isa = PBXResourcesBuildPhase;
			buildActionMask = 2147483647;
			files = (
				B91726DD241CFD4000E66798 /* LaunchScreen.storyboard in Resources */,
				B91726DA241CFD4000E66798 /* Assets.xcassets in Resources */,
				B91726D8241CFD3F00E66798 /* Main.storyboard in Resources */,
			);
			runOnlyForDeploymentPostprocessing = 0;
		};
/* End PBXResourcesBuildPhase section */

/* Begin PBXSourcesBuildPhase section */
		B91726C6241CFD3F00E66798 /* Sources */ = {
			isa = PBXSourcesBuildPhase;
			buildActionMask = 2147483647;
			files = (
				B91726D5241CFD3F00E66798 /* ViewController.m in Sources */,
				B91726E9241CFD6600E66798 /* Tools.m in Sources */,
				B91726CF241CFD3F00E66798 /* AppDelegate.m in Sources */,
				B91726E0241CFD4000E66798 /* main.m in Sources */,
				B91726D2241CFD3F00E66798 /* SceneDelegate.m in Sources */,
			);
			runOnlyForDeploymentPostprocessing = 0;
		};
/* End PBXSourcesBuildPhase section */

/* Begin PBXVariantGroup section */
		B91726D6241CFD3F00E66798 /* Main.storyboard */ = {
			isa = PBXVariantGroup;
			children = (
				B91726D7241CFD3F00E66798 /* Base */,
			);
			name = Main.storyboard;
			sourceTree = "<group>";
		};
		B91726DB241CFD4000E66798 /* LaunchScreen.storyboard */ = {
			isa = PBXVariantGroup;
			children = (
				B91726DC241CFD4000E66798 /* Base */,
			);
			name = LaunchScreen.storyboard;
			sourceTree = "<group>";
		};
/* End PBXVariantGroup section */

/* Begin XCBuildConfiguration section */
		B91726E1241CFD4000E66798 /* Debug */ = {
			isa = XCBuildConfiguration;
			buildSettings = {
				ALWAYS_SEARCH_USER_PATHS = NO;
				CLANG_ANALYZER_NONNULL = YES;
				CLANG_ANALYZER_NUMBER_OBJECT_CONVERSION = YES_AGGRESSIVE;
				CLANG_CXX_LANGUAGE_STANDARD = "gnu++14";
				CLANG_CXX_LIBRARY = "libc++";
				CLANG_ENABLE_MODULES = YES;
				CLANG_ENABLE_OBJC_ARC = YES;
				CLANG_ENABLE_OBJC_WEAK = YES;
				CLANG_WARN_BLOCK_CAPTURE_AUTORELEASING = YES;
				CLANG_WARN_BOOL_CONVERSION = YES;
				CLANG_WARN_COMMA = YES;
				CLANG_WARN_CONSTANT_CONVERSION = YES;
				CLANG_WARN_DEPRECATED_OBJC_IMPLEMENTATIONS = YES;
				CLANG_WARN_DIRECT_OBJC_ISA_USAGE = YES_ERROR;
				CLANG_WARN_DOCUMENTATION_COMMENTS = YES;
				CLANG_WARN_EMPTY_BODY = YES;
				CLANG_WARN_ENUM_CONVERSION = YES;
				CLANG_WARN_INFINITE_RECURSION = YES;
				CLANG_WARN_INT_CONVERSION = YES;
				CLANG_WARN_NON_LITERAL_NULL_CONVERSION = YES;
				CLANG_WARN_OBJC_IMPLICIT_RETAIN_SELF = YES;
				CLANG_WARN_OBJC_LITERAL_CONVERSION = YES;
				CLANG_WARN_OBJC_ROOT_CLASS = YES_ERROR;
				CLANG_WARN_RANGE_LOOP_ANALYSIS = YES;
				CLANG_WARN_STRICT_PROTOTYPES = YES;
				CLANG_WARN_SUSPICIOUS_MOVE = YES;
				CLANG_WARN_UNGUARDED_AVAILABILITY = YES_AGGRESSIVE;
				CLANG_WARN_UNREACHABLE_CODE = YES;
				CLANG_WARN__DUPLICATE_METHOD_MATCH = YES;
				COPY_PHASE_STRIP = NO;
				DEBUG_INFORMATION_FORMAT = dwarf;
				ENABLE_STRICT_OBJC_MSGSEND = YES;
				ENABLE_TESTABILITY = YES;
				GCC_C_LANGUAGE_STANDARD = gnu11;
				GCC_DYNAMIC_NO_PIC = NO;
				GCC_NO_COMMON_BLOCKS = YES;
				GCC_OPTIMIZATION_LEVEL = 0;
				GCC_PREPROCESSOR_DEFINITIONS = (
					"DEBUG=1",
					"$(inherited)",
				);
				GCC_WARN_64_TO_32_BIT_CONVERSION = YES;
				GCC_WARN_ABOUT_RETURN_TYPE = YES_ERROR;
				GCC_WARN_UNDECLARED_SELECTOR = YES;
				GCC_WARN_UNINITIALIZED_AUTOS = YES_AGGRESSIVE;
				GCC_WARN_UNUSED_FUNCTION = YES;
				GCC_WARN_UNUSED_VARIABLE = YES;
				IPHONEOS_DEPLOYMENT_TARGET = 13.2;
				MTL_ENABLE_DEBUG_INFO = INCLUDE_SOURCE;
				MTL_FAST_MATH = YES;
				ONLY_ACTIVE_ARCH = YES;
				SDKROOT = iphoneos;
			};
			name = Debug;
		};
		B91726E2241CFD4000E66798 /* Release */ = {
			isa = XCBuildConfiguration;
			buildSettings = {
				ALWAYS_SEARCH_USER_PATHS = NO;
				CLANG_ANALYZER_NONNULL = YES;
				CLANG_ANALYZER_NUMBER_OBJECT_CONVERSION = YES_AGGRESSIVE;
				CLANG_CXX_LANGUAGE_STANDARD = "gnu++14";
				CLANG_CXX_LIBRARY = "libc++";
				CLANG_ENABLE_MODULES = YES;
				CLANG_ENABLE_OBJC_ARC = YES;
				CLANG_ENABLE_OBJC_WEAK = YES;
				CLANG_WARN_BLOCK_CAPTURE_AUTORELEASING = YES;
				CLANG_WARN_BOOL_CONVERSION = YES;
				CLANG_WARN_COMMA = YES;
				CLANG_WARN_CONSTANT_CONVERSION = YES;
				CLANG_WARN_DEPRECATED_OBJC_IMPLEMENTATIONS = YES;
				CLANG_WARN_DIRECT_OBJC_ISA_USAGE = YES_ERROR;
				CLANG_WARN_DOCUMENTATION_COMMENTS = YES;
				CLANG_WARN_EMPTY_BODY = YES;
				CLANG_WARN_ENUM_CONVERSION = YES;
				CLANG_WARN_INFINITE_RECURSION = YES;
				CLANG_WARN_INT_CONVERSION = YES;
				CLANG_WARN_NON_LITERAL_NULL_CONVERSION = YES;
				CLANG_WARN_OBJC_IMPLICIT_RETAIN_SELF = YES;
				CLANG_WARN_OBJC_LITERAL_CONVERSION = YES;
				CLANG_WARN_OBJC_ROOT_CLASS = YES_ERROR;
				CLANG_WARN_RANGE_LOOP_ANALYSIS = YES;
				CLANG_WARN_STRICT_PROTOTYPES = YES;
				CLANG_WARN_SUSPICIOUS_MOVE = YES;
				CLANG_WARN_UNGUARDED_AVAILABILITY = YES_AGGRESSIVE;
				CLANG_WARN_UNREACHABLE_CODE = YES;
				CLANG_WARN__DUPLICATE_METHOD_MATCH = YES;
				COPY_PHASE_STRIP = NO;
				DEBUG_INFORMATION_FORMAT = "dwarf-with-dsym";
				ENABLE_NS_ASSERTIONS = NO;
				ENABLE_STRICT_OBJC_MSGSEND = YES;
				GCC_C_LANGUAGE_STANDARD = gnu11;
				GCC_NO_COMMON_BLOCKS = YES;
				GCC_WARN_64_TO_32_BIT_CONVERSION = YES;
				GCC_WARN_ABOUT_RETURN_TYPE = YES_ERROR;
				GCC_WARN_UNDECLARED_SELECTOR = YES;
				GCC_WARN_UNINITIALIZED_AUTOS = YES_AGGRESSIVE;
				GCC_WARN_UNUSED_FUNCTION = YES;
				GCC_WARN_UNUSED_VARIABLE = YES;
				IPHONEOS_DEPLOYMENT_TARGET = 13.2;
				MTL_ENABLE_DEBUG_INFO = NO;
				MTL_FAST_MATH = YES;
				SDKROOT = iphoneos;
				VALIDATE_PRODUCT = YES;
			};
			name = Release;
		};
		B91726E4241CFD4000E66798 /* Debug */ = {
			isa = XCBuildConfiguration;
			buildSettings = {
				ASSETCATALOG_COMPILER_APPICON_NAME = AppIcon;
				CODE_SIGN_STYLE = Automatic;
				DEVELOPMENT_TEAM = 2XZPR2378T;
				INFOPLIST_FILE = SampleTools/Info.plist;
				LD_RUNPATH_SEARCH_PATHS = (
					"$(inherited)",
					"@executable_path/Frameworks",
				);
				PRODUCT_BUNDLE_IDENTIFIER = com.minerva.SampleTools;
				PRODUCT_NAME = "$(TARGET_NAME)";
				TARGETED_DEVICE_FAMILY = "1,2";
			};
			name = Debug;
		};
		B91726E5241CFD4000E66798 /* Release */ = {
			isa = XCBuildConfiguration;
			buildSettings = {
				ASSETCATALOG_COMPILER_APPICON_NAME = AppIcon;
				CODE_SIGN_STYLE = Automatic;
				DEVELOPMENT_TEAM = 2XZPR2378T;
				INFOPLIST_FILE = SampleTools/Info.plist;
				LD_RUNPATH_SEARCH_PATHS = (
					"$(inherited)",
					"@executable_path/Frameworks",
				);
				PRODUCT_BUNDLE_IDENTIFIER = com.minerva.SampleTools;
				PRODUCT_NAME = "$(TARGET_NAME)";
				TARGETED_DEVICE_FAMILY = "1,2";
			};
			name = Release;
		};
/* End XCBuildConfiguration section */

/* Begin XCConfigurationList section */
		B91726C5241CFD3F00E66798 /* Build configuration list for PBXProject "SampleTools" */ = {
			isa = XCConfigurationList;
			buildConfigurations = (
				B91726E1241CFD4000E66798 /* Debug */,
				B91726E2241CFD4000E66798 /* Release */,
			);
			defaultConfigurationIsVisible = 0;
			defaultConfigurationName = Release;
		};
		B91726E3241CFD4000E66798 /* Build configuration list for PBXNativeTarget "SampleTools" */ = {
			isa = XCConfigurationList;
			buildConfigurations = (
				B91726E4241CFD4000E66798 /* Debug */,
				B91726E5241CFD4000E66798 /* Release */,
			);
			defaultConfigurationIsVisible = 0;
			defaultConfigurationName = Release;
		};
/* End XCConfigurationList section */
	};
	rootObject = B91726C2241CFD3F00E66798 /* Project object */;
}
