// !$*UTF8*$!
{
	archiveVersion = 1;
	classes = {
	};
	objectVersion = 50;
	objects = {

/* Begin PBXBuildFile section */
		B9188ABC2377A5D700EDFCEE /* ApiSectionItem.m in Sources */ = {isa = PBXBuildFile; fileRef = B9188ABB2377A5D700EDFCEE /* ApiSectionItem.m */; };
		B91A2CEB2376DB270058CF17 /* AppDelegate.m in Sources */ = {isa = PBXBuildFile; fileRef = B91A2CEA2376DB270058CF17 /* AppDelegate.m */; };
		B91A2CEE2376DB270058CF17 /* SceneDelegate.m in Sources */ = {isa = PBXBuildFile; fileRef = B91A2CED2376DB270058CF17 /* SceneDelegate.m */; };
		B91A2CF12376DB270058CF17 /* AuthTestViewController.m in Sources */ = {isa = PBXBuildFile; fileRef = B91A2CF02376DB270058CF17 /* AuthTestViewController.m */; };
		B91A2CF42376DB270058CF17 /* Main.storyboard in Resources */ = {isa = PBXBuildFile; fileRef = B91A2CF22376DB270058CF17 /* Main.storyboard */; };
		B91A2CF62376DB280058CF17 /* Assets.xcassets in Resources */ = {isa = PBXBuildFile; fileRef = B91A2CF52376DB280058CF17 /* Assets.xcassets */; };
		B91A2CF92376DB280058CF17 /* LaunchScreen.storyboard in Resources */ = {isa = PBXBuildFile; fileRef = B91A2CF72376DB280058CF17 /* LaunchScreen.storyboard */; };
		B91A2CFC2376DB280058CF17 /* main.m in Sources */ = {isa = PBXBuildFile; fileRef = B91A2CFB2376DB280058CF17 /* main.m */; };
		B91A2D062376EE8E0058CF17 /* APIListViewController.m in Sources */ = {isa = PBXBuildFile; fileRef = B91A2D052376EE8E0058CF17 /* APIListViewController.m */; };
		B936A0DB2377279F0024A6C4 /* ApiItem.m in Sources */ = {isa = PBXBuildFile; fileRef = B936A0DA2377279F0024A6C4 /* ApiItem.m */; };
/* End PBXBuildFile section */

/* Begin PBXFileReference section */
		B9188ABA2377A5D700EDFCEE /* ApiSectionItem.h */ = {isa = PBXFileReference; lastKnownFileType = sourcecode.c.h; path = ApiSectionItem.h; sourceTree = "<group>"; };
		B9188ABB2377A5D700EDFCEE /* ApiSectionItem.m */ = {isa = PBXFileReference; lastKnownFileType = sourcecode.c.objc; path = ApiSectionItem.m; sourceTree = "<group>"; };
		B91A2CE62376DB270058CF17 /* SDKTest.app */ = {isa = PBXFileReference; explicitFileType = wrapper.application; includeInIndex = 0; path = SDKTest.app; sourceTree = BUILT_PRODUCTS_DIR; };
		B91A2CE92376DB270058CF17 /* AppDelegate.h */ = {isa = PBXFileReference; lastKnownFileType = sourcecode.c.h; path = AppDelegate.h; sourceTree = "<group>"; };
		B91A2CEA2376DB270058CF17 /* AppDelegate.m */ = {isa = PBXFileReference; lastKnownFileType = sourcecode.c.objc; path = AppDelegate.m; sourceTree = "<group>"; };
		B91A2CEC2376DB270058CF17 /* SceneDelegate.h */ = {isa = PBXFileReference; lastKnownFileType = sourcecode.c.h; path = SceneDelegate.h; sourceTree = "<group>"; };
		B91A2CED2376DB270058CF17 /* SceneDelegate.m */ = {isa = PBXFileReference; lastKnownFileType = sourcecode.c.objc; path = SceneDelegate.m; sourceTree = "<group>"; };
		B91A2CEF2376DB270058CF17 /* AuthTestViewController.h */ = {isa = PBXFileReference; lastKnownFileType = sourcecode.c.h; path = AuthTestViewController.h; sourceTree = "<group>"; };
		B91A2CF02376DB270058CF17 /* AuthTestViewController.m */ = {isa = PBXFileReference; lastKnownFileType = sourcecode.c.objc; path = AuthTestViewController.m; sourceTree = "<group>"; };
		B91A2CF32376DB270058CF17 /* Base */ = {isa = PBXFileReference; lastKnownFileType = file.storyboard; name = Base; path = Base.lproj/Main.storyboard; sourceTree = "<group>"; };
		B91A2CF52376DB280058CF17 /* Assets.xcassets */ = {isa = PBXFileReference; lastKnownFileType = folder.assetcatalog; path = Assets.xcassets; sourceTree = "<group>"; };
		B91A2CF82376DB280058CF17 /* Base */ = {isa = PBXFileReference; lastKnownFileType = file.storyboard; name = Base; path = Base.lproj/LaunchScreen.storyboard; sourceTree = "<group>"; };
		B91A2CFA2376DB280058CF17 /* Info.plist */ = {isa = PBXFileReference; lastKnownFileType = text.plist.xml; path = Info.plist; sourceTree = "<group>"; };
		B91A2CFB2376DB280058CF17 /* main.m */ = {isa = PBXFileReference; lastKnownFileType = sourcecode.c.objc; path = main.m; sourceTree = "<group>"; };
		B91A2D042376EE8E0058CF17 /* APIListViewController.h */ = {isa = PBXFileReference; lastKnownFileType = sourcecode.c.h; path = APIListViewController.h; sourceTree = "<group>"; };
		B91A2D052376EE8E0058CF17 /* APIListViewController.m */ = {isa = PBXFileReference; lastKnownFileType = sourcecode.c.objc; path = APIListViewController.m; sourceTree = "<group>"; };
		B936A0D92377279F0024A6C4 /* ApiItem.h */ = {isa = PBXFileReference; lastKnownFileType = sourcecode.c.h; path = ApiItem.h; sourceTree = "<group>"; };
		B936A0DA2377279F0024A6C4 /* ApiItem.m */ = {isa = PBXFileReference; lastKnownFileType = sourcecode.c.objc; path = ApiItem.m; sourceTree = "<group>"; };
/* End PBXFileReference section */

/* Begin PBXFrameworksBuildPhase section */
		B91A2CE32376DB270058CF17 /* Frameworks */ = {
			isa = PBXFrameworksBuildPhase;
			buildActionMask = 2147483647;
			files = (
			);
			runOnlyForDeploymentPostprocessing = 0;
		};
/* End PBXFrameworksBuildPhase section */

/* Begin PBXGroup section */
		B91A2CDD2376DB270058CF17 = {
			isa = PBXGroup;
			children = (
				B91A2CE82376DB270058CF17 /* SDKTest */,
				B91A2CE72376DB270058CF17 /* Products */,
			);
			sourceTree = "<group>";
		};
		B91A2CE72376DB270058CF17 /* Products */ = {
			isa = PBXGroup;
			children = (
				B91A2CE62376DB270058CF17 /* SDKTest.app */,
			);
			name = Products;
			sourceTree = "<group>";
		};
		B91A2CE82376DB270058CF17 /* SDKTest */ = {
			isa = PBXGroup;
			children = (
				B91A2D032376EE110058CF17 /* Model */,
				B91A2D022376EE060058CF17 /* View */,
				B91A2CE92376DB270058CF17 /* AppDelegate.h */,
				B91A2CEA2376DB270058CF17 /* AppDelegate.m */,
				B91A2CEC2376DB270058CF17 /* SceneDelegate.h */,
				B91A2CED2376DB270058CF17 /* SceneDelegate.m */,
				B91A2CEF2376DB270058CF17 /* AuthTestViewController.h */,
				B91A2CF02376DB270058CF17 /* AuthTestViewController.m */,
				B91A2CF22376DB270058CF17 /* Main.storyboard */,
				B91A2CF52376DB280058CF17 /* Assets.xcassets */,
				B91A2CF72376DB280058CF17 /* LaunchScreen.storyboard */,
				B91A2CFA2376DB280058CF17 /* Info.plist */,
				B91A2CFB2376DB280058CF17 /* main.m */,
			);
			path = SDKTest;
			sourceTree = "<group>";
		};
		B91A2D022376EE060058CF17 /* View */ = {
			isa = PBXGroup;
			children = (
				B91A2D042376EE8E0058CF17 /* APIListViewController.h */,
				B91A2D052376EE8E0058CF17 /* APIListViewController.m */,
			);
			path = View;
			sourceTree = "<group>";
		};
		B91A2D032376EE110058CF17 /* Model */ = {
			isa = PBXGroup;
			children = (
				B936A0D92377279F0024A6C4 /* ApiItem.h */,
				B936A0DA2377279F0024A6C4 /* ApiItem.m */,
				B9188ABA2377A5D700EDFCEE /* ApiSectionItem.h */,
				B9188ABB2377A5D700EDFCEE /* ApiSectionItem.m */,
			);
			path = Model;
			sourceTree = "<group>";
		};
/* End PBXGroup section */

/* Begin PBXNativeTarget section */
		B91A2CE52376DB270058CF17 /* SDKTest */ = {
			isa = PBXNativeTarget;
			buildConfigurationList = B91A2CFF2376DB280058CF17 /* Build configuration list for PBXNativeTarget "SDKTest" */;
			buildPhases = (
				B91A2CE22376DB270058CF17 /* Sources */,
				B91A2CE32376DB270058CF17 /* Frameworks */,
				B91A2CE42376DB270058CF17 /* Resources */,
			);
			buildRules = (
			);
			dependencies = (
			);
			name = SDKTest;
			productName = SDKTest;
			productReference = B91A2CE62376DB270058CF17 /* SDKTest.app */;
			productType = "com.apple.product-type.application";
		};
/* End PBXNativeTarget section */

/* Begin PBXProject section */
		B91A2CDE2376DB270058CF17 /* Project object */ = {
			isa = PBXProject;
			attributes = {
				LastUpgradeCheck = 1120;
				ORGANIZATIONNAME = "myungyu Kim";
				TargetAttributes = {
					B91A2CE52376DB270058CF17 = {
						CreatedOnToolsVersion = 11.2;
					};
				};
			};
			buildConfigurationList = B91A2CE12376DB270058CF17 /* Build configuration list for PBXProject "SDKTest" */;
			compatibilityVersion = "Xcode 9.3";
			developmentRegion = en;
			hasScannedForEncodings = 0;
			knownRegions = (
				en,
				Base,
			);
			mainGroup = B91A2CDD2376DB270058CF17;
			productRefGroup = B91A2CE72376DB270058CF17 /* Products */;
			projectDirPath = "";
			projectRoot = "";
			targets = (
				B91A2CE52376DB270058CF17 /* SDKTest */,
			);
		};
/* End PBXProject section */

/* Begin PBXResourcesBuildPhase section */
		B91A2CE42376DB270058CF17 /* Resources */ = {
			isa = PBXResourcesBuildPhase;
			buildActionMask = 2147483647;
			files = (
				B91A2CF92376DB280058CF17 /* LaunchScreen.storyboard in Resources */,
				B91A2CF62376DB280058CF17 /* Assets.xcassets in Resources */,
				B91A2CF42376DB270058CF17 /* Main.storyboard in Resources */,
			);
			runOnlyForDeploymentPostprocessing = 0;
		};
/* End PBXResourcesBuildPhase section */

/* Begin PBXSourcesBuildPhase section */
		B91A2CE22376DB270058CF17 /* Sources */ = {
			isa = PBXSourcesBuildPhase;
			buildActionMask = 2147483647;
			files = (
				B91A2CF12376DB270058CF17 /* AuthTestViewController.m in Sources */,
				B91A2CEB2376DB270058CF17 /* AppDelegate.m in Sources */,
				B91A2D062376EE8E0058CF17 /* APIListViewController.m in Sources */,
				B936A0DB2377279F0024A6C4 /* ApiItem.m in Sources */,
				B9188ABC2377A5D700EDFCEE /* ApiSectionItem.m in Sources */,
				B91A2CFC2376DB280058CF17 /* main.m in Sources */,
				B91A2CEE2376DB270058CF17 /* SceneDelegate.m in Sources */,
			);
			runOnlyForDeploymentPostprocessing = 0;
		};
/* End PBXSourcesBuildPhase section */

/* Begin PBXVariantGroup section */
		B91A2CF22376DB270058CF17 /* Main.storyboard */ = {
			isa = PBXVariantGroup;
			children = (
				B91A2CF32376DB270058CF17 /* Base */,
			);
			name = Main.storyboard;
			sourceTree = "<group>";
		};
		B91A2CF72376DB280058CF17 /* LaunchScreen.storyboard */ = {
			isa = PBXVariantGroup;
			children = (
				B91A2CF82376DB280058CF17 /* Base */,
			);
			name = LaunchScreen.storyboard;
			sourceTree = "<group>";
		};
/* End PBXVariantGroup section */

/* Begin XCBuildConfiguration section */
		B91A2CFD2376DB280058CF17 /* Debug */ = {
			isa = XCBuildConfiguration;
			buildSettings = {
				ALWAYS_SEARCH_USER_PATHS = NO;
				CLANG_ANALYZER_NONNULL = YES;
				CLANG_ANALYZER_NUMBER_OBJECT_CONVERSION = YES_AGGRESSIVE;
				CLANG_CXX_LANGUAGE_STANDARD = "gnu++14";
				CLANG_CXX_LIBRARY = "libc++";
				CLANG_ENABLE_MODULES = YES;
				CLANG_ENABLE_OBJC_ARC = YES;
				CLANG_ENABLE_OBJC_WEAK = YES;
				CLANG_WARN_BLOCK_CAPTURE_AUTORELEASING = YES;
				CLANG_WARN_BOOL_CONVERSION = YES;
				CLANG_WARN_COMMA = YES;
				CLANG_WARN_CONSTANT_CONVERSION = YES;
				CLANG_WARN_DEPRECATED_OBJC_IMPLEMENTATIONS = YES;
				CLANG_WARN_DIRECT_OBJC_ISA_USAGE = YES_ERROR;
				CLANG_WARN_DOCUMENTATION_COMMENTS = YES;
				CLANG_WARN_EMPTY_BODY = YES;
				CLANG_WARN_ENUM_CONVERSION = YES;
				CLANG_WARN_INFINITE_RECURSION = YES;
				CLANG_WARN_INT_CONVERSION = YES;
				CLANG_WARN_NON_LITERAL_NULL_CONVERSION = YES;
				CLANG_WARN_OBJC_IMPLICIT_RETAIN_SELF = YES;
				CLANG_WARN_OBJC_LITERAL_CONVERSION = YES;
				CLANG_WARN_OBJC_ROOT_CLASS = YES_ERROR;
				CLANG_WARN_RANGE_LOOP_ANALYSIS = YES;
				CLANG_WARN_STRICT_PROTOTYPES = YES;
				CLANG_WARN_SUSPICIOUS_MOVE = YES;
				CLANG_WARN_UNGUARDED_AVAILABILITY = YES_AGGRESSIVE;
				CLANG_WARN_UNREACHABLE_CODE = YES;
				CLANG_WARN__DUPLICATE_METHOD_MATCH = YES;
				COPY_PHASE_STRIP = NO;
				DEBUG_INFORMATION_FORMAT = dwarf;
				ENABLE_STRICT_OBJC_MSGSEND = YES;
				ENABLE_TESTABILITY = YES;
				GCC_C_LANGUAGE_STANDARD = gnu11;
				GCC_DYNAMIC_NO_PIC = NO;
				GCC_NO_COMMON_BLOCKS = YES;
				GCC_OPTIMIZATION_LEVEL = 0;
				GCC_PREPROCESSOR_DEFINITIONS = (
					"DEBUG=1",
					"$(inherited)",
				);
				GCC_WARN_64_TO_32_BIT_CONVERSION = YES;
				GCC_WARN_ABOUT_RETURN_TYPE = YES_ERROR;
				GCC_WARN_UNDECLARED_SELECTOR = YES;
				GCC_WARN_UNINITIALIZED_AUTOS = YES_AGGRESSIVE;
				GCC_WARN_UNUSED_FUNCTION = YES;
				GCC_WARN_UNUSED_VARIABLE = YES;
				IPHONEOS_DEPLOYMENT_TARGET = 13.2;
				MTL_ENABLE_DEBUG_INFO = INCLUDE_SOURCE;
				MTL_FAST_MATH = YES;
				ONLY_ACTIVE_ARCH = YES;
				SDKROOT = iphoneos;
			};
			name = Debug;
		};
		B91A2CFE2376DB280058CF17 /* Release */ = {
			isa = XCBuildConfiguration;
			buildSettings = {
				ALWAYS_SEARCH_USER_PATHS = NO;
				CLANG_ANALYZER_NONNULL = YES;
				CLANG_ANALYZER_NUMBER_OBJECT_CONVERSION = YES_AGGRESSIVE;
				CLANG_CXX_LANGUAGE_STANDARD = "gnu++14";
				CLANG_CXX_LIBRARY = "libc++";
				CLANG_ENABLE_MODULES = YES;
				CLANG_ENABLE_OBJC_ARC = YES;
				CLANG_ENABLE_OBJC_WEAK = YES;
				CLANG_WARN_BLOCK_CAPTURE_AUTORELEASING = YES;
				CLANG_WARN_BOOL_CONVERSION = YES;
				CLANG_WARN_COMMA = YES;
				CLANG_WARN_CONSTANT_CONVERSION = YES;
				CLANG_WARN_DEPRECATED_OBJC_IMPLEMENTATIONS = YES;
				CLANG_WARN_DIRECT_OBJC_ISA_USAGE = YES_ERROR;
				CLANG_WARN_DOCUMENTATION_COMMENTS = YES;
				CLANG_WARN_EMPTY_BODY = YES;
				CLANG_WARN_ENUM_CONVERSION = YES;
				CLANG_WARN_INFINITE_RECURSION = YES;
				CLANG_WARN_INT_CONVERSION = YES;
				CLANG_WARN_NON_LITERAL_NULL_CONVERSION = YES;
				CLANG_WARN_OBJC_IMPLICIT_RETAIN_SELF = YES;
				CLANG_WARN_OBJC_LITERAL_CONVERSION = YES;
				CLANG_WARN_OBJC_ROOT_CLASS = YES_ERROR;
				CLANG_WARN_RANGE_LOOP_ANALYSIS = YES;
				CLANG_WARN_STRICT_PROTOTYPES = YES;
				CLANG_WARN_SUSPICIOUS_MOVE = YES;
				CLANG_WARN_UNGUARDED_AVAILABILITY = YES_AGGRESSIVE;
				CLANG_WARN_UNREACHABLE_CODE = YES;
				CLANG_WARN__DUPLICATE_METHOD_MATCH = YES;
				COPY_PHASE_STRIP = NO;
				DEBUG_INFORMATION_FORMAT = "dwarf-with-dsym";
				ENABLE_NS_ASSERTIONS = NO;
				ENABLE_STRICT_OBJC_MSGSEND = YES;
				GCC_C_LANGUAGE_STANDARD = gnu11;
				GCC_NO_COMMON_BLOCKS = YES;
				GCC_WARN_64_TO_32_BIT_CONVERSION = YES;
				GCC_WARN_ABOUT_RETURN_TYPE = YES_ERROR;
				GCC_WARN_UNDECLARED_SELECTOR = YES;
				GCC_WARN_UNINITIALIZED_AUTOS = YES_AGGRESSIVE;
				GCC_WARN_UNUSED_FUNCTION = YES;
				GCC_WARN_UNUSED_VARIABLE = YES;
				IPHONEOS_DEPLOYMENT_TARGET = 13.2;
				MTL_ENABLE_DEBUG_INFO = NO;
				MTL_FAST_MATH = YES;
				SDKROOT = iphoneos;
				VALIDATE_PRODUCT = YES;
			};
			name = Release;
		};
		B91A2D002376DB280058CF17 /* Debug */ = {
			isa = XCBuildConfiguration;
			buildSettings = {
				ASSETCATALOG_COMPILER_APPICON_NAME = AppIcon;
				CODE_SIGN_IDENTITY = "iPhone Developer";
				CODE_SIGN_STYLE = Manual;
				DEVELOPMENT_TEAM = 2XZPR2378T;
				INFOPLIST_FILE = SDKTest/Info.plist;
				LD_RUNPATH_SEARCH_PATHS = (
					"$(inherited)",
					"@executable_path/Frameworks",
				);
				PRODUCT_BUNDLE_IDENTIFIER = com.myung.SDKTest;
				PRODUCT_NAME = "$(TARGET_NAME)";
				PROVISIONING_PROFILE_SPECIFIER = "Profile for SDK Test App";
				TARGETED_DEVICE_FAMILY = "1,2";
			};
			name = Debug;
		};
		B91A2D012376DB280058CF17 /* Release */ = {
			isa = XCBuildConfiguration;
			buildSettings = {
				ASSETCATALOG_COMPILER_APPICON_NAME = AppIcon;
				CODE_SIGN_IDENTITY = "iPhone Developer";
				CODE_SIGN_STYLE = Manual;
				DEVELOPMENT_TEAM = 2XZPR2378T;
				INFOPLIST_FILE = SDKTest/Info.plist;
				LD_RUNPATH_SEARCH_PATHS = (
					"$(inherited)",
					"@executable_path/Frameworks",
				);
				PRODUCT_BUNDLE_IDENTIFIER = com.myung.SDKTest;
				PRODUCT_NAME = "$(TARGET_NAME)";
				PROVISIONING_PROFILE_SPECIFIER = "Profile for SDK Test App";
				TARGETED_DEVICE_FAMILY = "1,2";
			};
			name = Release;
		};
/* End XCBuildConfiguration section */

/* Begin XCConfigurationList section */
		B91A2CE12376DB270058CF17 /* Build configuration list for PBXProject "SDKTest" */ = {
			isa = XCConfigurationList;
			buildConfigurations = (
				B91A2CFD2376DB280058CF17 /* Debug */,
				B91A2CFE2376DB280058CF17 /* Release */,
			);
			defaultConfigurationIsVisible = 0;
			defaultConfigurationName = Release;
		};
		B91A2CFF2376DB280058CF17 /* Build configuration list for PBXNativeTarget "SDKTest" */ = {
			isa = XCConfigurationList;
			buildConfigurations = (
				B91A2D002376DB280058CF17 /* Debug */,
				B91A2D012376DB280058CF17 /* Release */,
			);
			defaultConfigurationIsVisible = 0;
			defaultConfigurationName = Release;
		};
/* End XCConfigurationList section */
	};
	rootObject = B91A2CDE2376DB270058CF17 /* Project object */;
}
